// !$*UTF8*$!
{
	archiveVersion = 1;
	classes = {
	};
	objectVersion = 46;
	objects = {

/* Begin PBXAggregateTarget section */
		118952D0AE904262B38AC1B5 /* ALL_BUILD */ = {
			isa = PBXAggregateTarget;
			buildConfigurationList = F0813BFF8FA04E758C111370 /* Build configuration list for PBXAggregateTarget "ALL_BUILD" */;
			buildPhases = (
				7616BC47BC25662D3C6D425A /* Generate CMakeFiles/ALL_BUILD */,
			);
			dependencies = (
				23693392DCFC48CFB2F82394 /* PBXTargetDependency */,
				6B22CEE0AE6B4A7EA1810357 /* PBXTargetDependency */,
				099B9086A9234A71968204D3 /* PBXTargetDependency */,
				36EF759AD67443F1AC2BE4EA /* PBXTargetDependency */,
				21D919AD0D3F4EECAE08AFB6 /* PBXTargetDependency */,
			);
			name = ALL_BUILD;
			productName = ALL_BUILD;
		};
		9F396627D3E34566BD5E97C4 /* ZERO_CHECK */ = {
			isa = PBXAggregateTarget;
			buildConfigurationList = 5732F9200B8549DD83C36397 /* Build configuration list for PBXAggregateTarget "ZERO_CHECK" */;
			buildPhases = (
				9A9F350CA037D94B9231567D /* Generate CMakeFiles/ZERO_CHECK */,
			);
			dependencies = (
			);
			name = ZERO_CHECK;
			productName = ZERO_CHECK;
		};
/* End PBXAggregateTarget section */

/* Begin PBXBuildFile section */
		0019AE055D3C45F0A95FC12C /* /Users/apple/Desktop/AudioSoftwareEngineering/2022-MUSI6106/3rdparty/sndlib/sndlib2xen.c */ = {isa = PBXBuildFile; fileRef = A98F96C398A348C1BB1714C0 /* /Users/apple/Desktop/AudioSoftwareEngineering/2022-MUSI6106/3rdparty/sndlib/sndlib2xen.c */; };
		02EEACA39B9944A58E7182D9 /* /Users/apple/Desktop/AudioSoftwareEngineering/2022-MUSI6106/3rdparty/sndlib/xen.h */ = {isa = PBXBuildFile; fileRef = B7F6BEC1D9A54355A1B7BD19 /* /Users/apple/Desktop/AudioSoftwareEngineering/2022-MUSI6106/3rdparty/sndlib/xen.h */; };
		079B6F2E063045CC8689D8AE /* /Users/apple/Desktop/AudioSoftwareEngineering/2022-MUSI6106/src/AudioFileIO/CMakeLists.txt */ = {isa = PBXBuildFile; fileRef = 9BBD51E8F85647599A2965C4 /* /Users/apple/Desktop/AudioSoftwareEngineering/2022-MUSI6106/src/AudioFileIO/CMakeLists.txt */; };
		0ACB96A5C09E465194440B60 /* /Users/apple/Desktop/AudioSoftwareEngineering/2022-MUSI6106/src/inc/AudioFileIf.h */ = {isa = PBXBuildFile; fileRef = CE9F0DC9BB0D489A9ABEAA19 /* /Users/apple/Desktop/AudioSoftwareEngineering/2022-MUSI6106/src/inc/AudioFileIf.h */; };
		0BF5DE426BE34E6E8949DDB4 /* /Users/apple/Desktop/AudioSoftwareEngineering/2022-MUSI6106/src/CombFilter/CombFilter.h */ = {isa = PBXBuildFile; fileRef = A093C162930241C494D85B43 /* /Users/apple/Desktop/AudioSoftwareEngineering/2022-MUSI6106/src/CombFilter/CombFilter.h */; };
		0FCE3C7C02FF4A869852D2E4 /* /Users/apple/Desktop/AudioSoftwareEngineering/2022-MUSI6106/3rdparty/sndlib/unix-config.h */ = {isa = PBXBuildFile; fileRef = CD6CF837CBF347BEB071E2FB /* /Users/apple/Desktop/AudioSoftwareEngineering/2022-MUSI6106/3rdparty/sndlib/unix-config.h */; };
		195A3CC4C46D43E39A8617B5 /* /Users/apple/Desktop/AudioSoftwareEngineering/2022-MUSI6106/src/AudioFileIO/AudioFile.h */ = {isa = PBXBuildFile; fileRef = C22D5F96F6F54B1296F2D2BD /* /Users/apple/Desktop/AudioSoftwareEngineering/2022-MUSI6106/src/AudioFileIO/AudioFile.h */; };
		1E983DD08B174856B642FF1B /* /Users/apple/Desktop/AudioSoftwareEngineering/2022-MUSI6106/3rdparty/sndlib/_sndlib.h */ = {isa = PBXBuildFile; fileRef = 361BC3B10E744B0AAF54AB10 /* /Users/apple/Desktop/AudioSoftwareEngineering/2022-MUSI6106/3rdparty/sndlib/_sndlib.h */; };
		22EF1D90F6524A9BBB9D88AB /* /Users/apple/Desktop/AudioSoftwareEngineering/2022-MUSI6106/3rdparty/sndlib/vct.c */ = {isa = PBXBuildFile; fileRef = 3610F069D27844B2ABE6C83D /* /Users/apple/Desktop/AudioSoftwareEngineering/2022-MUSI6106/3rdparty/sndlib/vct.c */; };
		24A8AB3F0A7647789DDAB8A6 /* /Users/apple/Desktop/AudioSoftwareEngineering/2022-MUSI6106/src/inc/Util.h */ = {isa = PBXBuildFile; fileRef = B3635F74648649EFA15BA3F2 /* /Users/apple/Desktop/AudioSoftwareEngineering/2022-MUSI6106/src/inc/Util.h */; };
		24FC109A4D5445AFA8B4FABD /* /Users/apple/Desktop/AudioSoftwareEngineering/2022-MUSI6106/3rdparty/sndlib/s7.h */ = {isa = PBXBuildFile; fileRef = AF6F243E6EDF466EB4FCE7BF /* /Users/apple/Desktop/AudioSoftwareEngineering/2022-MUSI6106/3rdparty/sndlib/s7.h */; };
		29F1D47118914E3EA1FF516B /* /Users/apple/Desktop/AudioSoftwareEngineering/2022-MUSI6106/3rdparty/sndlib/sndlib.h */ = {isa = PBXBuildFile; fileRef = 099D991261DA4E218D3AB02C /* /Users/apple/Desktop/AudioSoftwareEngineering/2022-MUSI6106/3rdparty/sndlib/sndlib.h */; };
		2E27453655C1491EA72BB078 /* /Users/apple/Desktop/AudioSoftwareEngineering/2022-MUSI6106/src/inc/Vector.h */ = {isa = PBXBuildFile; fileRef = 2CFB393E6B1646689F1CE749 /* /Users/apple/Desktop/AudioSoftwareEngineering/2022-MUSI6106/src/inc/Vector.h */; };
		31D58F0D008C4B1EB88E294F /* /Users/apple/Desktop/AudioSoftwareEngineering/2022-MUSI6106/3rdparty/sndlib/sound.c */ = {isa = PBXBuildFile; fileRef = 66948DD2022148539A5E3A07 /* /Users/apple/Desktop/AudioSoftwareEngineering/2022-MUSI6106/3rdparty/sndlib/sound.c */; };
		3A023F8D4DFD4D52AF3CF330 /* /Users/apple/Desktop/AudioSoftwareEngineering/2022-MUSI6106/3rdparty/sndlib/audio.c */ = {isa = PBXBuildFile; fileRef = B0AC67CFC5FE4082B36E39AF /* /Users/apple/Desktop/AudioSoftwareEngineering/2022-MUSI6106/3rdparty/sndlib/audio.c */; };
		4118A7F77F5E473CB638A51C /* /Users/apple/Desktop/AudioSoftwareEngineering/2022-MUSI6106/src/CombFilter/RingBuffer.h */ = {isa = PBXBuildFile; fileRef = 8B969FEC0D214AFEBF64CA48 /* /Users/apple/Desktop/AudioSoftwareEngineering/2022-MUSI6106/src/CombFilter/RingBuffer.h */; };
		57EC86B452C4437A9AC8BDD5 /* /Users/apple/Desktop/AudioSoftwareEngineering/2022-MUSI6106/src/inc/RingBuffer.h */ = {isa = PBXBuildFile; fileRef = 208BBC7DB5354B8BB629BCFA /* /Users/apple/Desktop/AudioSoftwareEngineering/2022-MUSI6106/src/inc/RingBuffer.h */; };
		634FB8F14343405F99881FA7 /* /Users/apple/Desktop/AudioSoftwareEngineering/2022-MUSI6106/3rdparty/sndlib/io.c */ = {isa = PBXBuildFile; fileRef = 7CB01892E1CE44278F51B7BF /* /Users/apple/Desktop/AudioSoftwareEngineering/2022-MUSI6106/3rdparty/sndlib/io.c */; };
		6834A1A0384648F094960C2B /* /Users/apple/Desktop/AudioSoftwareEngineering/2022-MUSI6106/3rdparty/sndlib/sndlib2xen.h */ = {isa = PBXBuildFile; fileRef = FFC179B977544D3CBA8DEAB0 /* /Users/apple/Desktop/AudioSoftwareEngineering/2022-MUSI6106/3rdparty/sndlib/sndlib2xen.h */; };
		6BF334C5DD5C4623AE15F135 /* /Users/apple/Desktop/AudioSoftwareEngineering/2022-MUSI6106/3rdparty/sndlib/xen.c */ = {isa = PBXBuildFile; fileRef = 72E672E5D33045FA990F824B /* /Users/apple/Desktop/AudioSoftwareEngineering/2022-MUSI6106/3rdparty/sndlib/xen.c */; };
		73467B011DC940CEAADD6C01 /* /Users/apple/Desktop/AudioSoftwareEngineering/2022-MUSI6106/3rdparty/sndlib/clm.c */ = {isa = PBXBuildFile; fileRef = E383A9E6011C46E28DB4F376 /* /Users/apple/Desktop/AudioSoftwareEngineering/2022-MUSI6106/3rdparty/sndlib/clm.c */; };
		736F83812BA2449C96C9E244 /* /Users/apple/Desktop/AudioSoftwareEngineering/2022-MUSI6106/3rdparty/sndlib/headers.c */ = {isa = PBXBuildFile; fileRef = 122B8D42CA694B12BD4DBAC9 /* /Users/apple/Desktop/AudioSoftwareEngineering/2022-MUSI6106/3rdparty/sndlib/headers.c */; };
		7388CF8F08EB4FD8837770AA /* /Users/apple/Desktop/AudioSoftwareEngineering/2022-MUSI6106/3rdparty/sndlib/clm-strings.h */ = {isa = PBXBuildFile; fileRef = D03B10830B714438983A7535 /* /Users/apple/Desktop/AudioSoftwareEngineering/2022-MUSI6106/3rdparty/sndlib/clm-strings.h */; };
		767422905ADB465E92D2DCE0 /* /Users/apple/Desktop/AudioSoftwareEngineering/2022-MUSI6106/src/inc/CombFilterIf.h */ = {isa = PBXBuildFile; fileRef = F1FB1FCE88FC401E8F974EF4 /* /Users/apple/Desktop/AudioSoftwareEngineering/2022-MUSI6106/src/inc/CombFilterIf.h */; };
		84E3CA4CCD1B4AC19F000EB9 /* /Users/apple/Desktop/AudioSoftwareEngineering/2022-MUSI6106/3rdparty/sndlib/mus-config.h */ = {isa = PBXBuildFile; fileRef = C8A0E8A48B544A929C84E4B1 /* /Users/apple/Desktop/AudioSoftwareEngineering/2022-MUSI6106/3rdparty/sndlib/mus-config.h */; };
		85543B5F99554BCA997033DC /* /Users/apple/Desktop/AudioSoftwareEngineering/2022-MUSI6106/3rdparty/sndlib/clm2xen.c */ = {isa = PBXBuildFile; fileRef = 813F04ADC3704F6B9A4DFDD8 /* /Users/apple/Desktop/AudioSoftwareEngineering/2022-MUSI6106/3rdparty/sndlib/clm2xen.c */; };
		870B730E7D3840919B61BA1D /* /Users/apple/Desktop/AudioSoftwareEngineering/2022-MUSI6106/src/AudioFileIO/AudioFile.cpp */ = {isa = PBXBuildFile; fileRef = 9DF65FDFCBC1478083E5F24E /* /Users/apple/Desktop/AudioSoftwareEngineering/2022-MUSI6106/src/AudioFileIO/AudioFile.cpp */; };
		96E352262F964F26A094152D /* /Users/apple/Desktop/AudioSoftwareEngineering/2022-MUSI6106/3rdparty/sndlib/CMakeLists.txt */ = {isa = PBXBuildFile; fileRef = 2AD143983E9D471C82DB288E /* /Users/apple/Desktop/AudioSoftwareEngineering/2022-MUSI6106/3rdparty/sndlib/CMakeLists.txt */; };
		9F459F94944446E991B469B6 /* /Users/apple/Desktop/AudioSoftwareEngineering/2022-MUSI6106/src/inc/Util.h */ = {isa = PBXBuildFile; fileRef = 45C9266E79BF412AA6029C2B /* /Users/apple/Desktop/AudioSoftwareEngineering/2022-MUSI6106/src/inc/Util.h */; };
		A1ADE2C67E6A47D0BA2579D0 /* /Users/apple/Desktop/AudioSoftwareEngineering/2022-MUSI6106/src/CombFilter/CombFilter.cpp */ = {isa = PBXBuildFile; fileRef = 207EB0B1A8BF48FD9A7C9A3F /* /Users/apple/Desktop/AudioSoftwareEngineering/2022-MUSI6106/src/CombFilter/CombFilter.cpp */; };
		A32734FC5097459C8A8DE612 /* /Users/apple/Desktop/AudioSoftwareEngineering/2022-MUSI6106/3rdparty/sndlib/sndlib-strings.h */ = {isa = PBXBuildFile; fileRef = 3B3DD4C81E1A4AD09533E288 /* /Users/apple/Desktop/AudioSoftwareEngineering/2022-MUSI6106/3rdparty/sndlib/sndlib-strings.h */; };
		A4B7F726D6B846CCB33620D5 /* /Users/apple/Desktop/AudioSoftwareEngineering/2022-MUSI6106/3rdparty/sndlib/vct.h */ = {isa = PBXBuildFile; fileRef = 8B83766BC1844FCDAFD2D3F6 /* /Users/apple/Desktop/AudioSoftwareEngineering/2022-MUSI6106/3rdparty/sndlib/vct.h */; };
		AFE5BA1419B8416EA99234EE /* /Users/apple/Desktop/AudioSoftwareEngineering/2022-MUSI6106/src/CombFilter/CombFilterIf.cpp */ = {isa = PBXBuildFile; fileRef = 7A5AFACF74F34868946CC4BE /* /Users/apple/Desktop/AudioSoftwareEngineering/2022-MUSI6106/src/CombFilter/CombFilterIf.cpp */; };
		B47449FF8B374FD1A5335401 /* /Users/apple/Desktop/AudioSoftwareEngineering/2022-MUSI6106/src/inc/AudioFileIf.h */ = {isa = PBXBuildFile; fileRef = 407BF8DB7B2D4E3699C8E81D /* /Users/apple/Desktop/AudioSoftwareEngineering/2022-MUSI6106/src/inc/AudioFileIf.h */; };
		C25F498844014170A81B8ECD /* /Users/apple/Desktop/AudioSoftwareEngineering/2022-MUSI6106/src/inc/CombFilterIf.h */ = {isa = PBXBuildFile; fileRef = CB1518DC30DB442CBDED0D4B /* /Users/apple/Desktop/AudioSoftwareEngineering/2022-MUSI6106/src/inc/CombFilterIf.h */; };
		C2882B88FB6D4F4580A63B6E /* /Users/apple/Desktop/AudioSoftwareEngineering/2022-MUSI6106/src/CombFilter/CMakeLists.txt */ = {isa = PBXBuildFile; fileRef = 90E9A53E4FC944629C6EA8AC /* /Users/apple/Desktop/AudioSoftwareEngineering/2022-MUSI6106/src/CombFilter/CMakeLists.txt */; };
		C3C33C90661C4C89AAB5B6B0 /* /Users/apple/Desktop/AudioSoftwareEngineering/2022-MUSI6106/3rdparty/sndlib/s7.c */ = {isa = PBXBuildFile; fileRef = 43A4D159AAFB45D69CC245B6 /* /Users/apple/Desktop/AudioSoftwareEngineering/2022-MUSI6106/3rdparty/sndlib/s7.c */; };
		C5CBAFC289134DFF83B5A43F /* /Users/apple/Desktop/AudioSoftwareEngineering/2022-MUSI6106/src/inc/RingBuffer.h */ = {isa = PBXBuildFile; fileRef = 34C94DCE288C4ACE9BAB381A /* /Users/apple/Desktop/AudioSoftwareEngineering/2022-MUSI6106/src/inc/RingBuffer.h */; };
		CCEDA63EA89A4182A54F7F20 /* /Users/apple/Desktop/AudioSoftwareEngineering/2022-MUSI6106/3rdparty/sndlib/clm.h */ = {isa = PBXBuildFile; fileRef = 3777913D24A446029BDAED9E /* /Users/apple/Desktop/AudioSoftwareEngineering/2022-MUSI6106/3rdparty/sndlib/clm.h */; };
		D3C5430ECBA54811B9C548B6 /* /Users/apple/Desktop/AudioSoftwareEngineering/2022-MUSI6106/src/MUSI6106Exec/MUSI6106Exec.cpp */ = {isa = PBXBuildFile; fileRef = F243222C7C3D4E9881ED7675 /* /Users/apple/Desktop/AudioSoftwareEngineering/2022-MUSI6106/src/MUSI6106Exec/MUSI6106Exec.cpp */; };
		DE64AC52EF334728B78C6C7B /* /Users/apple/Desktop/AudioSoftwareEngineering/2022-MUSI6106/src/AudioFileIO/AudioFileIf.cpp */ = {isa = PBXBuildFile; fileRef = 19D4157488264CF1B704AC7C /* /Users/apple/Desktop/AudioSoftwareEngineering/2022-MUSI6106/src/AudioFileIO/AudioFileIf.cpp */; };
		E9FE0C86B2BC47CE829D7620 /* /Users/apple/Desktop/AudioSoftwareEngineering/2022-MUSI6106/src/MUSI6106Exec/CMakeLists.txt */ = {isa = PBXBuildFile; fileRef = EAC06457632F4D3996A0BC62 /* /Users/apple/Desktop/AudioSoftwareEngineering/2022-MUSI6106/src/MUSI6106Exec/CMakeLists.txt */; };
		ED027F1362C246D1B9F12716 /* /Users/apple/Desktop/AudioSoftwareEngineering/2022-MUSI6106/3rdparty/sndlib/clm2xen.h */ = {isa = PBXBuildFile; fileRef = CF81AF42574F4FB5866F6315 /* /Users/apple/Desktop/AudioSoftwareEngineering/2022-MUSI6106/3rdparty/sndlib/clm2xen.h */; };
		F1BBED8353D341E080BAC036 /* /Users/apple/Desktop/AudioSoftwareEngineering/2022-MUSI6106/src/inc/Vector.h */ = {isa = PBXBuildFile; fileRef = 9D6030841DE1490D9A7C66F1 /* /Users/apple/Desktop/AudioSoftwareEngineering/2022-MUSI6106/src/inc/Vector.h */; };
/* End PBXBuildFile section */

/* Begin PBXBuildStyle section */
		33E1C730E5A14AF39A2D3992 /* RelWithDebInfo */ = {
			isa = PBXBuildStyle;
			buildSettings = {
				COPY_PHASE_STRIP = NO;
			};
			name = RelWithDebInfo;
		};
		5E517578CE2D430CB8CD6329 /* MinSizeRel */ = {
			isa = PBXBuildStyle;
			buildSettings = {
				COPY_PHASE_STRIP = NO;
			};
			name = MinSizeRel;
		};
		7E6A7D41589B4404A557B637 /* Debug */ = {
			isa = PBXBuildStyle;
			buildSettings = {
				COPY_PHASE_STRIP = NO;
			};
			name = Debug;
		};
		EFCFBCC0A1484D70AB4D33BF /* Release */ = {
			isa = PBXBuildStyle;
			buildSettings = {
				COPY_PHASE_STRIP = NO;
			};
			name = Release;
		};
/* End PBXBuildStyle section */

/* Begin PBXContainerItemProxy section */
		012D791BB8884909B02E26AB /* PBXContainerItemProxy */ = {
			isa = PBXContainerItemProxy;
			containerPortal = 2CC2C28A2C474CB1A6890E75 /* Project object */;
			proxyType = 1;
			remoteGlobalIDString = 36D7B08CD4D343959AA1F1FC;
			remoteInfo = sndlib;
		};
		1F68CF9993D24AE1AF4F7973 /* PBXContainerItemProxy */ = {
			isa = PBXContainerItemProxy;
			containerPortal = 2CC2C28A2C474CB1A6890E75 /* Project object */;
			proxyType = 1;
			remoteGlobalIDString = 4E4C051669C94FE5A9871415;
			remoteInfo = CombFilter;
		};
		346F1970F5E24A738304626D /* PBXContainerItemProxy */ = {
			isa = PBXContainerItemProxy;
			containerPortal = 2CC2C28A2C474CB1A6890E75 /* Project object */;
			proxyType = 1;
			remoteGlobalIDString = 9F396627D3E34566BD5E97C4;
			remoteInfo = ZERO_CHECK;
		};
		3720B0714ACD411FAE32C3D9 /* PBXContainerItemProxy */ = {
			isa = PBXContainerItemProxy;
			containerPortal = 2CC2C28A2C474CB1A6890E75 /* Project object */;
			proxyType = 1;
			remoteGlobalIDString = 36D7B08CD4D343959AA1F1FC;
			remoteInfo = sndlib;
		};
		37EE7559252A476F86C55B66 /* PBXContainerItemProxy */ = {
			isa = PBXContainerItemProxy;
			containerPortal = 2CC2C28A2C474CB1A6890E75 /* Project object */;
			proxyType = 1;
			remoteGlobalIDString = 8CEB25A5EE304A86970AD704;
			remoteInfo = AudioFileIO;
		};
		484256C91D2642CC9505C5C0 /* PBXContainerItemProxy */ = {
			isa = PBXContainerItemProxy;
			containerPortal = 2CC2C28A2C474CB1A6890E75 /* Project object */;
			proxyType = 1;
			remoteGlobalIDString = 8CEB25A5EE304A86970AD704;
			remoteInfo = AudioFileIO;
		};
		73DC041046794EB985CD80B6 /* PBXContainerItemProxy */ = {
			isa = PBXContainerItemProxy;
			containerPortal = 2CC2C28A2C474CB1A6890E75 /* Project object */;
			proxyType = 1;
			remoteGlobalIDString = 9F396627D3E34566BD5E97C4;
			remoteInfo = ZERO_CHECK;
		};
		77FB0C0303E24F2AB5379C37 /* PBXContainerItemProxy */ = {
			isa = PBXContainerItemProxy;
			containerPortal = 2CC2C28A2C474CB1A6890E75 /* Project object */;
			proxyType = 1;
			remoteGlobalIDString = 9F396627D3E34566BD5E97C4;
			remoteInfo = ZERO_CHECK;
		};
		89F33578504B4050BBDDF4B1 /* PBXContainerItemProxy */ = {
			isa = PBXContainerItemProxy;
			containerPortal = 2CC2C28A2C474CB1A6890E75 /* Project object */;
			proxyType = 1;
			remoteGlobalIDString = 9F396627D3E34566BD5E97C4;
			remoteInfo = ZERO_CHECK;
		};
		9AD870B51DAF4DEF940B2DD7 /* PBXContainerItemProxy */ = {
			isa = PBXContainerItemProxy;
			containerPortal = 2CC2C28A2C474CB1A6890E75 /* Project object */;
			proxyType = 1;
			remoteGlobalIDString = 4E4C051669C94FE5A9871415;
			remoteInfo = CombFilter;
		};
		AE82DD7A931841CFBB5C0C66 /* PBXContainerItemProxy */ = {
			isa = PBXContainerItemProxy;
			containerPortal = 2CC2C28A2C474CB1A6890E75 /* Project object */;
			proxyType = 1;
			remoteGlobalIDString = 9F396627D3E34566BD5E97C4;
			remoteInfo = ZERO_CHECK;
		};
		C7A584E8B94747FCAA01AE97 /* PBXContainerItemProxy */ = {
			isa = PBXContainerItemProxy;
			containerPortal = 2CC2C28A2C474CB1A6890E75 /* Project object */;
			proxyType = 1;
			remoteGlobalIDString = 36D7B08CD4D343959AA1F1FC;
			remoteInfo = sndlib;
		};
		D2D89DBC5DBA411E859AB628 /* PBXContainerItemProxy */ = {
			isa = PBXContainerItemProxy;
			containerPortal = 2CC2C28A2C474CB1A6890E75 /* Project object */;
			proxyType = 1;
			remoteGlobalIDString = 5F768F2CD445461DB836A699;
			remoteInfo = MUSI6106Exec;
		};
/* End PBXContainerItemProxy section */

/* Begin PBXFileReference section */
		099D991261DA4E218D3AB02C /* /Users/apple/Desktop/AudioSoftwareEngineering/2022-MUSI6106/3rdparty/sndlib/sndlib.h */ = {isa = PBXFileReference; explicitFileType = sourcecode.c.h; fileEncoding = 4; name = sndlib.h; path = 3rdparty/sndlib/sndlib.h; sourceTree = SOURCE_ROOT; };
		122B8D42CA694B12BD4DBAC9 /* /Users/apple/Desktop/AudioSoftwareEngineering/2022-MUSI6106/3rdparty/sndlib/headers.c */ = {isa = PBXFileReference; explicitFileType = sourcecode.c.c; fileEncoding = 4; name = headers.c; path = 3rdparty/sndlib/headers.c; sourceTree = SOURCE_ROOT; };
		12D5B34590034A548AF58E24 /* MUSI6106Exec */ = {isa = PBXFileReference; explicitFileType = "compiled.mach-o.executable"; path = MUSI6106Exec; sourceTree = BUILT_PRODUCTS_DIR; };
		12F0F5D1A3FF4E50A9122CF6 /* /Users/apple/Desktop/AudioSoftwareEngineering/2022-MUSI6106/CMakeLists.txt */ = {isa = PBXFileReference; explicitFileType = sourcecode.text; fileEncoding = 4; name = CMakeLists.txt; path = CMakeLists.txt; sourceTree = SOURCE_ROOT; };
		19D4157488264CF1B704AC7C /* /Users/apple/Desktop/AudioSoftwareEngineering/2022-MUSI6106/src/AudioFileIO/AudioFileIf.cpp */ = {isa = PBXFileReference; explicitFileType = sourcecode.cpp.cpp; fileEncoding = 4; name = AudioFileIf.cpp; path = src/AudioFileIO/AudioFileIf.cpp; sourceTree = SOURCE_ROOT; };
		207EB0B1A8BF48FD9A7C9A3F /* /Users/apple/Desktop/AudioSoftwareEngineering/2022-MUSI6106/src/CombFilter/CombFilter.cpp */ = {isa = PBXFileReference; explicitFileType = sourcecode.cpp.cpp; fileEncoding = 4; name = CombFilter.cpp; path = src/CombFilter/CombFilter.cpp; sourceTree = SOURCE_ROOT; };
		208BBC7DB5354B8BB629BCFA /* /Users/apple/Desktop/AudioSoftwareEngineering/2022-MUSI6106/src/inc/RingBuffer.h */ = {isa = PBXFileReference; explicitFileType = sourcecode.c.h; fileEncoding = 4; name = RingBuffer.h; path = src/inc/RingBuffer.h; sourceTree = SOURCE_ROOT; };
		2AD143983E9D471C82DB288E /* /Users/apple/Desktop/AudioSoftwareEngineering/2022-MUSI6106/3rdparty/sndlib/CMakeLists.txt */ = {isa = PBXFileReference; explicitFileType = sourcecode.text; fileEncoding = 4; name = CMakeLists.txt; path = 3rdparty/sndlib/CMakeLists.txt; sourceTree = SOURCE_ROOT; };
		2CFB393E6B1646689F1CE749 /* /Users/apple/Desktop/AudioSoftwareEngineering/2022-MUSI6106/src/inc/Vector.h */ = {isa = PBXFileReference; explicitFileType = sourcecode.c.h; fileEncoding = 4; name = Vector.h; path = src/inc/Vector.h; sourceTree = SOURCE_ROOT; };
		34C94DCE288C4ACE9BAB381A /* /Users/apple/Desktop/AudioSoftwareEngineering/2022-MUSI6106/src/inc/RingBuffer.h */ = {isa = PBXFileReference; explicitFileType = sourcecode.c.h; fileEncoding = 4; name = RingBuffer.h; path = src/inc/RingBuffer.h; sourceTree = SOURCE_ROOT; };
		3610F069D27844B2ABE6C83D /* /Users/apple/Desktop/AudioSoftwareEngineering/2022-MUSI6106/3rdparty/sndlib/vct.c */ = {isa = PBXFileReference; explicitFileType = sourcecode.c.c; fileEncoding = 4; name = vct.c; path = 3rdparty/sndlib/vct.c; sourceTree = SOURCE_ROOT; };
		361BC3B10E744B0AAF54AB10 /* /Users/apple/Desktop/AudioSoftwareEngineering/2022-MUSI6106/3rdparty/sndlib/_sndlib.h */ = {isa = PBXFileReference; explicitFileType = sourcecode.c.h; fileEncoding = 4; name = _sndlib.h; path = 3rdparty/sndlib/_sndlib.h; sourceTree = SOURCE_ROOT; };
		3777913D24A446029BDAED9E /* /Users/apple/Desktop/AudioSoftwareEngineering/2022-MUSI6106/3rdparty/sndlib/clm.h */ = {isa = PBXFileReference; explicitFileType = sourcecode.c.h; fileEncoding = 4; name = clm.h; path = 3rdparty/sndlib/clm.h; sourceTree = SOURCE_ROOT; };
		3B3DD4C81E1A4AD09533E288 /* /Users/apple/Desktop/AudioSoftwareEngineering/2022-MUSI6106/3rdparty/sndlib/sndlib-strings.h */ = {isa = PBXFileReference; explicitFileType = sourcecode.c.h; fileEncoding = 4; name = "sndlib-strings.h"; path = "3rdparty/sndlib/sndlib-strings.h"; sourceTree = SOURCE_ROOT; };
		407BF8DB7B2D4E3699C8E81D /* /Users/apple/Desktop/AudioSoftwareEngineering/2022-MUSI6106/src/inc/AudioFileIf.h */ = {isa = PBXFileReference; explicitFileType = sourcecode.c.h; fileEncoding = 4; name = AudioFileIf.h; path = src/inc/AudioFileIf.h; sourceTree = SOURCE_ROOT; };
		43A4D159AAFB45D69CC245B6 /* /Users/apple/Desktop/AudioSoftwareEngineering/2022-MUSI6106/3rdparty/sndlib/s7.c */ = {isa = PBXFileReference; explicitFileType = sourcecode.c.c; fileEncoding = 4; name = s7.c; path = 3rdparty/sndlib/s7.c; sourceTree = SOURCE_ROOT; };
		45C9266E79BF412AA6029C2B /* /Users/apple/Desktop/AudioSoftwareEngineering/2022-MUSI6106/src/inc/Util.h */ = {isa = PBXFileReference; explicitFileType = sourcecode.c.h; fileEncoding = 4; name = Util.h; path = src/inc/Util.h; sourceTree = SOURCE_ROOT; };
		66948DD2022148539A5E3A07 /* /Users/apple/Desktop/AudioSoftwareEngineering/2022-MUSI6106/3rdparty/sndlib/sound.c */ = {isa = PBXFileReference; explicitFileType = sourcecode.c.c; fileEncoding = 4; name = sound.c; path = 3rdparty/sndlib/sound.c; sourceTree = SOURCE_ROOT; };
		72E672E5D33045FA990F824B /* /Users/apple/Desktop/AudioSoftwareEngineering/2022-MUSI6106/3rdparty/sndlib/xen.c */ = {isa = PBXFileReference; explicitFileType = sourcecode.c.c; fileEncoding = 4; name = xen.c; path = 3rdparty/sndlib/xen.c; sourceTree = SOURCE_ROOT; };
		7A5AFACF74F34868946CC4BE /* /Users/apple/Desktop/AudioSoftwareEngineering/2022-MUSI6106/src/CombFilter/CombFilterIf.cpp */ = {isa = PBXFileReference; explicitFileType = sourcecode.cpp.cpp; fileEncoding = 4; name = CombFilterIf.cpp; path = src/CombFilter/CombFilterIf.cpp; sourceTree = SOURCE_ROOT; };
		7CB01892E1CE44278F51B7BF /* /Users/apple/Desktop/AudioSoftwareEngineering/2022-MUSI6106/3rdparty/sndlib/io.c */ = {isa = PBXFileReference; explicitFileType = sourcecode.c.c; fileEncoding = 4; name = io.c; path = 3rdparty/sndlib/io.c; sourceTree = SOURCE_ROOT; };
		813F04ADC3704F6B9A4DFDD8 /* /Users/apple/Desktop/AudioSoftwareEngineering/2022-MUSI6106/3rdparty/sndlib/clm2xen.c */ = {isa = PBXFileReference; explicitFileType = sourcecode.c.c; fileEncoding = 4; name = clm2xen.c; path = 3rdparty/sndlib/clm2xen.c; sourceTree = SOURCE_ROOT; };
		8B83766BC1844FCDAFD2D3F6 /* /Users/apple/Desktop/AudioSoftwareEngineering/2022-MUSI6106/3rdparty/sndlib/vct.h */ = {isa = PBXFileReference; explicitFileType = sourcecode.c.h; fileEncoding = 4; name = vct.h; path = 3rdparty/sndlib/vct.h; sourceTree = SOURCE_ROOT; };
		8B969FEC0D214AFEBF64CA48 /* /Users/apple/Desktop/AudioSoftwareEngineering/2022-MUSI6106/src/CombFilter/RingBuffer.h */ = {isa = PBXFileReference; explicitFileType = sourcecode.c.h; fileEncoding = 4; name = RingBuffer.h; path = src/CombFilter/RingBuffer.h; sourceTree = SOURCE_ROOT; };
		90E9A53E4FC944629C6EA8AC /* /Users/apple/Desktop/AudioSoftwareEngineering/2022-MUSI6106/src/CombFilter/CMakeLists.txt */ = {isa = PBXFileReference; explicitFileType = sourcecode.text; fileEncoding = 4; name = CMakeLists.txt; path = src/CombFilter/CMakeLists.txt; sourceTree = SOURCE_ROOT; };
		9BBD51E8F85647599A2965C4 /* /Users/apple/Desktop/AudioSoftwareEngineering/2022-MUSI6106/src/AudioFileIO/CMakeLists.txt */ = {isa = PBXFileReference; explicitFileType = sourcecode.text; fileEncoding = 4; name = CMakeLists.txt; path = src/AudioFileIO/CMakeLists.txt; sourceTree = SOURCE_ROOT; };
		9D6030841DE1490D9A7C66F1 /* /Users/apple/Desktop/AudioSoftwareEngineering/2022-MUSI6106/src/inc/Vector.h */ = {isa = PBXFileReference; explicitFileType = sourcecode.c.h; fileEncoding = 4; name = Vector.h; path = src/inc/Vector.h; sourceTree = SOURCE_ROOT; };
		9DF65FDFCBC1478083E5F24E /* /Users/apple/Desktop/AudioSoftwareEngineering/2022-MUSI6106/src/AudioFileIO/AudioFile.cpp */ = {isa = PBXFileReference; explicitFileType = sourcecode.cpp.cpp; fileEncoding = 4; name = AudioFile.cpp; path = src/AudioFileIO/AudioFile.cpp; sourceTree = SOURCE_ROOT; };
		A093C162930241C494D85B43 /* /Users/apple/Desktop/AudioSoftwareEngineering/2022-MUSI6106/src/CombFilter/CombFilter.h */ = {isa = PBXFileReference; explicitFileType = sourcecode.c.h; fileEncoding = 4; name = CombFilter.h; path = src/CombFilter/CombFilter.h; sourceTree = SOURCE_ROOT; };
		A98F96C398A348C1BB1714C0 /* /Users/apple/Desktop/AudioSoftwareEngineering/2022-MUSI6106/3rdparty/sndlib/sndlib2xen.c */ = {isa = PBXFileReference; explicitFileType = sourcecode.c.c; fileEncoding = 4; name = sndlib2xen.c; path = 3rdparty/sndlib/sndlib2xen.c; sourceTree = SOURCE_ROOT; };
		AF6F243E6EDF466EB4FCE7BF /* /Users/apple/Desktop/AudioSoftwareEngineering/2022-MUSI6106/3rdparty/sndlib/s7.h */ = {isa = PBXFileReference; explicitFileType = sourcecode.c.h; fileEncoding = 4; name = s7.h; path = 3rdparty/sndlib/s7.h; sourceTree = SOURCE_ROOT; };
		B0AC67CFC5FE4082B36E39AF /* /Users/apple/Desktop/AudioSoftwareEngineering/2022-MUSI6106/3rdparty/sndlib/audio.c */ = {isa = PBXFileReference; explicitFileType = sourcecode.c.c; fileEncoding = 4; name = audio.c; path = 3rdparty/sndlib/audio.c; sourceTree = SOURCE_ROOT; };
		B3635F74648649EFA15BA3F2 /* /Users/apple/Desktop/AudioSoftwareEngineering/2022-MUSI6106/src/inc/Util.h */ = {isa = PBXFileReference; explicitFileType = sourcecode.c.h; fileEncoding = 4; name = Util.h; path = src/inc/Util.h; sourceTree = SOURCE_ROOT; };
		B523B6BE68E943DFAAEDE4FC /* CombFilter */ = {isa = PBXFileReference; explicitFileType = archive.ar; path = libCombFilter.a; sourceTree = BUILT_PRODUCTS_DIR; };
		B7F6BEC1D9A54355A1B7BD19 /* /Users/apple/Desktop/AudioSoftwareEngineering/2022-MUSI6106/3rdparty/sndlib/xen.h */ = {isa = PBXFileReference; explicitFileType = sourcecode.c.h; fileEncoding = 4; name = xen.h; path = 3rdparty/sndlib/xen.h; sourceTree = SOURCE_ROOT; };
		C22D5F96F6F54B1296F2D2BD /* /Users/apple/Desktop/AudioSoftwareEngineering/2022-MUSI6106/src/AudioFileIO/AudioFile.h */ = {isa = PBXFileReference; explicitFileType = sourcecode.c.h; fileEncoding = 4; name = AudioFile.h; path = src/AudioFileIO/AudioFile.h; sourceTree = SOURCE_ROOT; };
		C8A0E8A48B544A929C84E4B1 /* /Users/apple/Desktop/AudioSoftwareEngineering/2022-MUSI6106/3rdparty/sndlib/mus-config.h */ = {isa = PBXFileReference; explicitFileType = sourcecode.c.h; fileEncoding = 4; name = "mus-config.h"; path = "3rdparty/sndlib/mus-config.h"; sourceTree = SOURCE_ROOT; };
		CB1518DC30DB442CBDED0D4B /* /Users/apple/Desktop/AudioSoftwareEngineering/2022-MUSI6106/src/inc/CombFilterIf.h */ = {isa = PBXFileReference; explicitFileType = sourcecode.c.h; fileEncoding = 4; name = CombFilterIf.h; path = src/inc/CombFilterIf.h; sourceTree = SOURCE_ROOT; };
		CD6CF837CBF347BEB071E2FB /* /Users/apple/Desktop/AudioSoftwareEngineering/2022-MUSI6106/3rdparty/sndlib/unix-config.h */ = {isa = PBXFileReference; explicitFileType = sourcecode.c.h; fileEncoding = 4; name = "unix-config.h"; path = "3rdparty/sndlib/unix-config.h"; sourceTree = SOURCE_ROOT; };
		CE9F0DC9BB0D489A9ABEAA19 /* /Users/apple/Desktop/AudioSoftwareEngineering/2022-MUSI6106/src/inc/AudioFileIf.h */ = {isa = PBXFileReference; explicitFileType = sourcecode.c.h; fileEncoding = 4; name = AudioFileIf.h; path = src/inc/AudioFileIf.h; sourceTree = SOURCE_ROOT; };
		CF81AF42574F4FB5866F6315 /* /Users/apple/Desktop/AudioSoftwareEngineering/2022-MUSI6106/3rdparty/sndlib/clm2xen.h */ = {isa = PBXFileReference; explicitFileType = sourcecode.c.h; fileEncoding = 4; name = clm2xen.h; path = 3rdparty/sndlib/clm2xen.h; sourceTree = SOURCE_ROOT; };
		D03B10830B714438983A7535 /* /Users/apple/Desktop/AudioSoftwareEngineering/2022-MUSI6106/3rdparty/sndlib/clm-strings.h */ = {isa = PBXFileReference; explicitFileType = sourcecode.c.h; fileEncoding = 4; name = "clm-strings.h"; path = "3rdparty/sndlib/clm-strings.h"; sourceTree = SOURCE_ROOT; };
		D52EFD41E8B44DE488D642CD /* AudioFileIO */ = {isa = PBXFileReference; explicitFileType = archive.ar; path = libAudioFileIO.a; sourceTree = BUILT_PRODUCTS_DIR; };
		E383A9E6011C46E28DB4F376 /* /Users/apple/Desktop/AudioSoftwareEngineering/2022-MUSI6106/3rdparty/sndlib/clm.c */ = {isa = PBXFileReference; explicitFileType = sourcecode.c.c; fileEncoding = 4; name = clm.c; path = 3rdparty/sndlib/clm.c; sourceTree = SOURCE_ROOT; };
		EAC06457632F4D3996A0BC62 /* /Users/apple/Desktop/AudioSoftwareEngineering/2022-MUSI6106/src/MUSI6106Exec/CMakeLists.txt */ = {isa = PBXFileReference; explicitFileType = sourcecode.text; fileEncoding = 4; name = CMakeLists.txt; path = src/MUSI6106Exec/CMakeLists.txt; sourceTree = SOURCE_ROOT; };
		F1FB1FCE88FC401E8F974EF4 /* /Users/apple/Desktop/AudioSoftwareEngineering/2022-MUSI6106/src/inc/CombFilterIf.h */ = {isa = PBXFileReference; explicitFileType = sourcecode.c.h; fileEncoding = 4; name = CombFilterIf.h; path = src/inc/CombFilterIf.h; sourceTree = SOURCE_ROOT; };
		F243222C7C3D4E9881ED7675 /* /Users/apple/Desktop/AudioSoftwareEngineering/2022-MUSI6106/src/MUSI6106Exec/MUSI6106Exec.cpp */ = {isa = PBXFileReference; explicitFileType = sourcecode.cpp.cpp; fileEncoding = 4; name = MUSI6106Exec.cpp; path = src/MUSI6106Exec/MUSI6106Exec.cpp; sourceTree = SOURCE_ROOT; };
		F87789D274754B8DBFA17B00 /* sndlib */ = {isa = PBXFileReference; explicitFileType = archive.ar; path = libsndlib.a; sourceTree = BUILT_PRODUCTS_DIR; };
		FFC179B977544D3CBA8DEAB0 /* /Users/apple/Desktop/AudioSoftwareEngineering/2022-MUSI6106/3rdparty/sndlib/sndlib2xen.h */ = {isa = PBXFileReference; explicitFileType = sourcecode.c.h; fileEncoding = 4; name = sndlib2xen.h; path = 3rdparty/sndlib/sndlib2xen.h; sourceTree = SOURCE_ROOT; };
/* End PBXFileReference section */

/* Begin PBXFrameworksBuildPhase section */
		6D9CC52167CF4F0E82AA92B8 /* Frameworks */ = {
			isa = PBXFrameworksBuildPhase;
			buildActionMask = 2147483647;
			files = (
			);
			runOnlyForDeploymentPostprocessing = 0;
		};
		7DEE87CCD02B441BBADE9263 /* Frameworks */ = {
			isa = PBXFrameworksBuildPhase;
			buildActionMask = 2147483647;
			files = (
			);
			runOnlyForDeploymentPostprocessing = 0;
		};
		81B35B97D4184706B4D930D7 /* Frameworks */ = {
			isa = PBXFrameworksBuildPhase;
			buildActionMask = 2147483647;
			files = (
			);
			runOnlyForDeploymentPostprocessing = 0;
		};
		F9D8A45F21434077B9EFE78F /* Frameworks */ = {
			isa = PBXFrameworksBuildPhase;
			buildActionMask = 2147483647;
			files = (
			);
			runOnlyForDeploymentPostprocessing = 0;
		};
/* End PBXFrameworksBuildPhase section */

/* Begin PBXGroup section */
		276EFF4A9A3C4064829C072A /* Header Files */ = {
			isa = PBXGroup;
			children = (
				C22D5F96F6F54B1296F2D2BD /* /Users/apple/Desktop/AudioSoftwareEngineering/2022-MUSI6106/src/AudioFileIO/AudioFile.h */,
			);
			name = "Header Files";
			sourceTree = "<group>";
		};
		2E73CDDD12574FF48B29223A /* Source Files */ = {
			isa = PBXGroup;
			children = (
				B0AC67CFC5FE4082B36E39AF /* /Users/apple/Desktop/AudioSoftwareEngineering/2022-MUSI6106/3rdparty/sndlib/audio.c */,
				E383A9E6011C46E28DB4F376 /* /Users/apple/Desktop/AudioSoftwareEngineering/2022-MUSI6106/3rdparty/sndlib/clm.c */,
				813F04ADC3704F6B9A4DFDD8 /* /Users/apple/Desktop/AudioSoftwareEngineering/2022-MUSI6106/3rdparty/sndlib/clm2xen.c */,
				122B8D42CA694B12BD4DBAC9 /* /Users/apple/Desktop/AudioSoftwareEngineering/2022-MUSI6106/3rdparty/sndlib/headers.c */,
				7CB01892E1CE44278F51B7BF /* /Users/apple/Desktop/AudioSoftwareEngineering/2022-MUSI6106/3rdparty/sndlib/io.c */,
				43A4D159AAFB45D69CC245B6 /* /Users/apple/Desktop/AudioSoftwareEngineering/2022-MUSI6106/3rdparty/sndlib/s7.c */,
				A98F96C398A348C1BB1714C0 /* /Users/apple/Desktop/AudioSoftwareEngineering/2022-MUSI6106/3rdparty/sndlib/sndlib2xen.c */,
				66948DD2022148539A5E3A07 /* /Users/apple/Desktop/AudioSoftwareEngineering/2022-MUSI6106/3rdparty/sndlib/sound.c */,
				3610F069D27844B2ABE6C83D /* /Users/apple/Desktop/AudioSoftwareEngineering/2022-MUSI6106/3rdparty/sndlib/vct.c */,
				72E672E5D33045FA990F824B /* /Users/apple/Desktop/AudioSoftwareEngineering/2022-MUSI6106/3rdparty/sndlib/xen.c */,
			);
			name = "Source Files";
			sourceTree = "<group>";
		};
		35156BC75AA241EF9FF24E0B /* Header Files */ = {
			isa = PBXGroup;
			children = (
				407BF8DB7B2D4E3699C8E81D /* /Users/apple/Desktop/AudioSoftwareEngineering/2022-MUSI6106/src/inc/AudioFileIf.h */,
				CB1518DC30DB442CBDED0D4B /* /Users/apple/Desktop/AudioSoftwareEngineering/2022-MUSI6106/src/inc/CombFilterIf.h */,
				34C94DCE288C4ACE9BAB381A /* /Users/apple/Desktop/AudioSoftwareEngineering/2022-MUSI6106/src/inc/RingBuffer.h */,
				B3635F74648649EFA15BA3F2 /* /Users/apple/Desktop/AudioSoftwareEngineering/2022-MUSI6106/src/inc/Util.h */,
				9D6030841DE1490D9A7C66F1 /* /Users/apple/Desktop/AudioSoftwareEngineering/2022-MUSI6106/src/inc/Vector.h */,
			);
			name = "Header Files";
			sourceTree = "<group>";
		};
		44B5A464F1224E7BAF1F3363 /* Header Files */ = {
			isa = PBXGroup;
			children = (
				A093C162930241C494D85B43 /* /Users/apple/Desktop/AudioSoftwareEngineering/2022-MUSI6106/src/CombFilter/CombFilter.h */,
				8B969FEC0D214AFEBF64CA48 /* /Users/apple/Desktop/AudioSoftwareEngineering/2022-MUSI6106/src/CombFilter/RingBuffer.h */,
				CE9F0DC9BB0D489A9ABEAA19 /* /Users/apple/Desktop/AudioSoftwareEngineering/2022-MUSI6106/src/inc/AudioFileIf.h */,
				F1FB1FCE88FC401E8F974EF4 /* /Users/apple/Desktop/AudioSoftwareEngineering/2022-MUSI6106/src/inc/CombFilterIf.h */,
				208BBC7DB5354B8BB629BCFA /* /Users/apple/Desktop/AudioSoftwareEngineering/2022-MUSI6106/src/inc/RingBuffer.h */,
				45C9266E79BF412AA6029C2B /* /Users/apple/Desktop/AudioSoftwareEngineering/2022-MUSI6106/src/inc/Util.h */,
				2CFB393E6B1646689F1CE749 /* /Users/apple/Desktop/AudioSoftwareEngineering/2022-MUSI6106/src/inc/Vector.h */,
			);
			name = "Header Files";
			sourceTree = "<group>";
		};
		65C38AB5466A42D59C517160 /* Source Files */ = {
			isa = PBXGroup;
			children = (
				207EB0B1A8BF48FD9A7C9A3F /* /Users/apple/Desktop/AudioSoftwareEngineering/2022-MUSI6106/src/CombFilter/CombFilter.cpp */,
				7A5AFACF74F34868946CC4BE /* /Users/apple/Desktop/AudioSoftwareEngineering/2022-MUSI6106/src/CombFilter/CombFilterIf.cpp */,
			);
			name = "Source Files";
			sourceTree = "<group>";
		};
		67E97B6CCDB84230AC82D410 /* MUSI6106Exec */ = {
			isa = PBXGroup;
			children = (
				6D154F5F33584CD8AD5489D9 /* Source Files */,
				35156BC75AA241EF9FF24E0B /* Header Files */,
				EAC06457632F4D3996A0BC62 /* /Users/apple/Desktop/AudioSoftwareEngineering/2022-MUSI6106/src/MUSI6106Exec/CMakeLists.txt */,
			);
			name = MUSI6106Exec;
			sourceTree = "<group>";
		};
		691AC4EDA4CF421BA7B2ABE0 = {
			isa = PBXGroup;
			children = (
				75760F323A9448729A50D573 /* ALL_BUILD */,
				67E97B6CCDB84230AC82D410 /* MUSI6106Exec */,
				FE8CD25A71884C4EB04BD492 /* AudioFileIO */,
				8DCB6A359AF5429C8F2A9325 /* sndlib */,
				992215444B164DC0B657E113 /* CombFilter */,
				B1E75A7A582C4E05997AC6EE /* Products */,
				F144D21DBD9F43B4BD19E537 /* Frameworks */,
			);
			sourceTree = "<group>";
		};
		6D154F5F33584CD8AD5489D9 /* Source Files */ = {
			isa = PBXGroup;
			children = (
				F243222C7C3D4E9881ED7675 /* /Users/apple/Desktop/AudioSoftwareEngineering/2022-MUSI6106/src/MUSI6106Exec/MUSI6106Exec.cpp */,
			);
			name = "Source Files";
			sourceTree = "<group>";
		};
		70C6B560EFD441A58CCC5594 /* CMake Rules */ = {
			isa = PBXGroup;
			children = (
			);
			name = "CMake Rules";
			sourceTree = "<group>";
		};
		75760F323A9448729A50D573 /* ALL_BUILD */ = {
			isa = PBXGroup;
			children = (
				70C6B560EFD441A58CCC5594 /* CMake Rules */,
				12F0F5D1A3FF4E50A9122CF6 /* /Users/apple/Desktop/AudioSoftwareEngineering/2022-MUSI6106/CMakeLists.txt */,
			);
			name = ALL_BUILD;
			sourceTree = "<group>";
		};
		8DCB6A359AF5429C8F2A9325 /* sndlib */ = {
			isa = PBXGroup;
			children = (
				2E73CDDD12574FF48B29223A /* Source Files */,
				D84D29C1A1AE48C4AD27135C /* Header Files */,
				2AD143983E9D471C82DB288E /* /Users/apple/Desktop/AudioSoftwareEngineering/2022-MUSI6106/3rdparty/sndlib/CMakeLists.txt */,
			);
			name = sndlib;
			sourceTree = "<group>";
		};
		992215444B164DC0B657E113 /* CombFilter */ = {
			isa = PBXGroup;
			children = (
				65C38AB5466A42D59C517160 /* Source Files */,
				44B5A464F1224E7BAF1F3363 /* Header Files */,
				90E9A53E4FC944629C6EA8AC /* /Users/apple/Desktop/AudioSoftwareEngineering/2022-MUSI6106/src/CombFilter/CMakeLists.txt */,
			);
			name = CombFilter;
			sourceTree = "<group>";
		};
		B1E75A7A582C4E05997AC6EE /* Products */ = {
			isa = PBXGroup;
			children = (
				D52EFD41E8B44DE488D642CD /* AudioFileIO */,
				B523B6BE68E943DFAAEDE4FC /* CombFilter */,
				12D5B34590034A548AF58E24 /* MUSI6106Exec */,
				F87789D274754B8DBFA17B00 /* sndlib */,
			);
			name = Products;
			sourceTree = "<group>";
		};
		D84D29C1A1AE48C4AD27135C /* Header Files */ = {
			isa = PBXGroup;
			children = (
				361BC3B10E744B0AAF54AB10 /* /Users/apple/Desktop/AudioSoftwareEngineering/2022-MUSI6106/3rdparty/sndlib/_sndlib.h */,
				D03B10830B714438983A7535 /* /Users/apple/Desktop/AudioSoftwareEngineering/2022-MUSI6106/3rdparty/sndlib/clm-strings.h */,
				3777913D24A446029BDAED9E /* /Users/apple/Desktop/AudioSoftwareEngineering/2022-MUSI6106/3rdparty/sndlib/clm.h */,
				CF81AF42574F4FB5866F6315 /* /Users/apple/Desktop/AudioSoftwareEngineering/2022-MUSI6106/3rdparty/sndlib/clm2xen.h */,
				C8A0E8A48B544A929C84E4B1 /* /Users/apple/Desktop/AudioSoftwareEngineering/2022-MUSI6106/3rdparty/sndlib/mus-config.h */,
				AF6F243E6EDF466EB4FCE7BF /* /Users/apple/Desktop/AudioSoftwareEngineering/2022-MUSI6106/3rdparty/sndlib/s7.h */,
				3B3DD4C81E1A4AD09533E288 /* /Users/apple/Desktop/AudioSoftwareEngineering/2022-MUSI6106/3rdparty/sndlib/sndlib-strings.h */,
				099D991261DA4E218D3AB02C /* /Users/apple/Desktop/AudioSoftwareEngineering/2022-MUSI6106/3rdparty/sndlib/sndlib.h */,
				FFC179B977544D3CBA8DEAB0 /* /Users/apple/Desktop/AudioSoftwareEngineering/2022-MUSI6106/3rdparty/sndlib/sndlib2xen.h */,
				CD6CF837CBF347BEB071E2FB /* /Users/apple/Desktop/AudioSoftwareEngineering/2022-MUSI6106/3rdparty/sndlib/unix-config.h */,
				8B83766BC1844FCDAFD2D3F6 /* /Users/apple/Desktop/AudioSoftwareEngineering/2022-MUSI6106/3rdparty/sndlib/vct.h */,
				B7F6BEC1D9A54355A1B7BD19 /* /Users/apple/Desktop/AudioSoftwareEngineering/2022-MUSI6106/3rdparty/sndlib/xen.h */,
			);
			name = "Header Files";
			sourceTree = "<group>";
		};
		F144D21DBD9F43B4BD19E537 /* Frameworks */ = {
			isa = PBXGroup;
			children = (
			);
			name = Frameworks;
			sourceTree = "<group>";
		};
		FD9F81C09FB543DC8E9D9822 /* Source Files */ = {
			isa = PBXGroup;
			children = (
				9DF65FDFCBC1478083E5F24E /* /Users/apple/Desktop/AudioSoftwareEngineering/2022-MUSI6106/src/AudioFileIO/AudioFile.cpp */,
				19D4157488264CF1B704AC7C /* /Users/apple/Desktop/AudioSoftwareEngineering/2022-MUSI6106/src/AudioFileIO/AudioFileIf.cpp */,
			);
			name = "Source Files";
			sourceTree = "<group>";
		};
		FE8CD25A71884C4EB04BD492 /* AudioFileIO */ = {
			isa = PBXGroup;
			children = (
				FD9F81C09FB543DC8E9D9822 /* Source Files */,
				276EFF4A9A3C4064829C072A /* Header Files */,
				9BBD51E8F85647599A2965C4 /* /Users/apple/Desktop/AudioSoftwareEngineering/2022-MUSI6106/src/AudioFileIO/CMakeLists.txt */,
			);
			name = AudioFileIO;
			sourceTree = "<group>";
		};
/* End PBXGroup section */

/* Begin PBXNativeTarget section */
		36D7B08CD4D343959AA1F1FC /* sndlib */ = {
			isa = PBXNativeTarget;
			buildConfigurationList = C5C2B3F4980A402CA569823A /* Build configuration list for PBXNativeTarget "sndlib" */;
			buildPhases = (
				C04A57AC889341B6BD498E81 /* Sources */,
				7DEE87CCD02B441BBADE9263 /* Frameworks */,
			);
			buildRules = (
			);
			dependencies = (
				B2C5F7DBC9324E25BBF5FB98 /* PBXTargetDependency */,
			);
			name = sndlib;
			productName = sndlib;
			productReference = F87789D274754B8DBFA17B00 /* sndlib */;
			productType = "com.apple.product-type.library.static";
		};
		4E4C051669C94FE5A9871415 /* CombFilter */ = {
			isa = PBXNativeTarget;
			buildConfigurationList = DB16B6A2B4F44F5E80F53C2F /* Build configuration list for PBXNativeTarget "CombFilter" */;
			buildPhases = (
				0E62D0C7C3AE48878530F2C1 /* Sources */,
				F9D8A45F21434077B9EFE78F /* Frameworks */,
			);
			buildRules = (
			);
			dependencies = (
				30C4343996F04FB0B5079E23 /* PBXTargetDependency */,
			);
			name = CombFilter;
			productName = CombFilter;
			productReference = B523B6BE68E943DFAAEDE4FC /* CombFilter */;
			productType = "com.apple.product-type.library.static";
		};
		5F768F2CD445461DB836A699 /* MUSI6106Exec */ = {
			isa = PBXNativeTarget;
			buildConfigurationList = 5EBC6CC2C7B74174B81E1184 /* Build configuration list for PBXNativeTarget "MUSI6106Exec" */;
			buildPhases = (
				050A4E065BF14026A71F7B33 /* Sources */,
				81B35B97D4184706B4D930D7 /* Frameworks */,
			);
			buildRules = (
			);
			dependencies = (
				837916B384584AE686D0FECF /* PBXTargetDependency */,
				85506984A7914AFFB0CEEFD9 /* PBXTargetDependency */,
				75479CE11D4E4FE585C028DE /* PBXTargetDependency */,
				7211D08CB62F4389A3A7518F /* PBXTargetDependency */,
			);
			name = MUSI6106Exec;
			productName = MUSI6106Exec;
			productReference = 12D5B34590034A548AF58E24 /* MUSI6106Exec */;
			productType = "com.apple.product-type.tool";
		};
		8CEB25A5EE304A86970AD704 /* AudioFileIO */ = {
			isa = PBXNativeTarget;
			buildConfigurationList = DCB8A9DF14974443BCFD0365 /* Build configuration list for PBXNativeTarget "AudioFileIO" */;
			buildPhases = (
				E1A028126F244DB3BF2D764D /* Sources */,
				6D9CC52167CF4F0E82AA92B8 /* Frameworks */,
			);
			buildRules = (
			);
			dependencies = (
				97E2917551174862B3DBC7D4 /* PBXTargetDependency */,
				89467E45FE2745F49358F461 /* PBXTargetDependency */,
			);
			name = AudioFileIO;
			productName = AudioFileIO;
			productReference = D52EFD41E8B44DE488D642CD /* AudioFileIO */;
			productType = "com.apple.product-type.library.static";
		};
/* End PBXNativeTarget section */

/* Begin PBXProject section */
		2CC2C28A2C474CB1A6890E75 /* Project object */ = {
			isa = PBXProject;
			attributes = {
				BuildIndependentTargetsInParallel = YES;
				LastUpgradeCheck = 1240;
			};
			buildConfigurationList = DFACCDF785714ACC8914BA4B /* Build configuration list for PBXProject "MUSI6106" */;
			buildSettings = {
			};
			buildStyles = (
				7E6A7D41589B4404A557B637 /* Debug */,
				EFCFBCC0A1484D70AB4D33BF /* Release */,
				5E517578CE2D430CB8CD6329 /* MinSizeRel */,
				33E1C730E5A14AF39A2D3992 /* RelWithDebInfo */,
			);
			compatibilityVersion = "Xcode 3.2";
			hasScannedForEncodings = 0;
			mainGroup = 691AC4EDA4CF421BA7B2ABE0;
			projectDirPath = .;
			projectRoot = "";
			targets = (
				118952D0AE904262B38AC1B5 /* ALL_BUILD */,
				8CEB25A5EE304A86970AD704 /* AudioFileIO */,
				4E4C051669C94FE5A9871415 /* CombFilter */,
				5F768F2CD445461DB836A699 /* MUSI6106Exec */,
				9F396627D3E34566BD5E97C4 /* ZERO_CHECK */,
				36D7B08CD4D343959AA1F1FC /* sndlib */,
			);
		};
/* End PBXProject section */

/* Begin PBXShellScriptBuildPhase section */
		3C0110FC8322DE7E50886E21 = {
			isa = PBXShellScriptBuildPhase;
			buildActionMask = 2147483647;
			files = (
			);
			inputPaths = (
			);
			outputPaths = (
			);
			runOnlyForDeploymentPostprocessing = 0;
			shellPath = /bin/sh;
			shellScript = "# shell script goes here
exit 0";
			showEnvVarsInLog = 0;
		};
		7616BC47BC25662D3C6D425A /* Generate CMakeFiles/ALL_BUILD */ = {
			isa = PBXShellScriptBuildPhase;
			alwaysOutOfDate = 1;
			buildActionMask = 2147483647;
			files = (
			);
			inputPaths = (
			);
			name = "Generate CMakeFiles/ALL_BUILD";
			outputPaths = (
"/Users/apple/Desktop/AudioSoftwareEngineering/2022-MUSI6106/CMakeFiles/ALL_BUILD"			);
			runOnlyForDeploymentPostprocessing = 0;
			shellPath = /bin/sh;
			shellScript = "set -e
if test \"$CONFIGURATION\" = \"Debug\"; then :
  cd /Users/apple/Desktop/AudioSoftwareEngineering/2022-MUSI6106
  echo Build\\ all\\ projects
fi
if test \"$CONFIGURATION\" = \"Release\"; then :
  cd /Users/apple/Desktop/AudioSoftwareEngineering/2022-MUSI6106
  echo Build\\ all\\ projects
fi
if test \"$CONFIGURATION\" = \"MinSizeRel\"; then :
  cd /Users/apple/Desktop/AudioSoftwareEngineering/2022-MUSI6106
  echo Build\\ all\\ projects
fi
if test \"$CONFIGURATION\" = \"RelWithDebInfo\"; then :
  cd /Users/apple/Desktop/AudioSoftwareEngineering/2022-MUSI6106
  echo Build\\ all\\ projects
fi
";
			showEnvVarsInLog = 0;
		};
		9A9F350CA037D94B9231567D /* Generate CMakeFiles/ZERO_CHECK */ = {
			isa = PBXShellScriptBuildPhase;
			alwaysOutOfDate = 1;
			buildActionMask = 2147483647;
			files = (
			);
			inputPaths = (
			);
			name = "Generate CMakeFiles/ZERO_CHECK";
			outputPaths = (
"/Users/apple/Desktop/AudioSoftwareEngineering/2022-MUSI6106/CMakeFiles/ZERO_CHECK"			);
			runOnlyForDeploymentPostprocessing = 0;
			shellPath = /bin/sh;
			shellScript = "set -e
if test \"$CONFIGURATION\" = \"Debug\"; then :
  cd /Users/apple/Desktop/AudioSoftwareEngineering/2022-MUSI6106
  make -f /Users/apple/Desktop/AudioSoftwareEngineering/2022-MUSI6106/CMakeScripts/ReRunCMake.make
fi
if test \"$CONFIGURATION\" = \"Release\"; then :
  cd /Users/apple/Desktop/AudioSoftwareEngineering/2022-MUSI6106
  make -f /Users/apple/Desktop/AudioSoftwareEngineering/2022-MUSI6106/CMakeScripts/ReRunCMake.make
fi
if test \"$CONFIGURATION\" = \"MinSizeRel\"; then :
  cd /Users/apple/Desktop/AudioSoftwareEngineering/2022-MUSI6106
  make -f /Users/apple/Desktop/AudioSoftwareEngineering/2022-MUSI6106/CMakeScripts/ReRunCMake.make
fi
if test \"$CONFIGURATION\" = \"RelWithDebInfo\"; then :
  cd /Users/apple/Desktop/AudioSoftwareEngineering/2022-MUSI6106
  make -f /Users/apple/Desktop/AudioSoftwareEngineering/2022-MUSI6106/CMakeScripts/ReRunCMake.make
fi
";
			showEnvVarsInLog = 0;
		};
		9B50530E35CC49C82C2FACCF = {
			isa = PBXShellScriptBuildPhase;
			buildActionMask = 2147483647;
			files = (
			);
			inputPaths = (
			);
			outputPaths = (
			);
			runOnlyForDeploymentPostprocessing = 0;
			shellPath = /bin/sh;
			shellScript = "# shell script goes here
exit 0";
			showEnvVarsInLog = 0;
		};
/* End PBXShellScriptBuildPhase section */

/* Begin PBXSourcesBuildPhase section */
		050A4E065BF14026A71F7B33 /* Sources */ = {
			isa = PBXSourcesBuildPhase;
			buildActionMask = 2147483647;
			files = (
				D3C5430ECBA54811B9C548B6 /* /Users/apple/Desktop/AudioSoftwareEngineering/2022-MUSI6106/src/MUSI6106Exec/MUSI6106Exec.cpp */,
			);
			runOnlyForDeploymentPostprocessing = 0;
		};
		0E62D0C7C3AE48878530F2C1 /* Sources */ = {
			isa = PBXSourcesBuildPhase;
			buildActionMask = 2147483647;
			files = (
				A1ADE2C67E6A47D0BA2579D0 /* /Users/apple/Desktop/AudioSoftwareEngineering/2022-MUSI6106/src/CombFilter/CombFilter.cpp */,
				AFE5BA1419B8416EA99234EE /* /Users/apple/Desktop/AudioSoftwareEngineering/2022-MUSI6106/src/CombFilter/CombFilterIf.cpp */,
			);
			runOnlyForDeploymentPostprocessing = 0;
		};
		C04A57AC889341B6BD498E81 /* Sources */ = {
			isa = PBXSourcesBuildPhase;
			buildActionMask = 2147483647;
			files = (
				3A023F8D4DFD4D52AF3CF330 /* /Users/apple/Desktop/AudioSoftwareEngineering/2022-MUSI6106/3rdparty/sndlib/audio.c */,
				73467B011DC940CEAADD6C01 /* /Users/apple/Desktop/AudioSoftwareEngineering/2022-MUSI6106/3rdparty/sndlib/clm.c */,
				85543B5F99554BCA997033DC /* /Users/apple/Desktop/AudioSoftwareEngineering/2022-MUSI6106/3rdparty/sndlib/clm2xen.c */,
				736F83812BA2449C96C9E244 /* /Users/apple/Desktop/AudioSoftwareEngineering/2022-MUSI6106/3rdparty/sndlib/headers.c */,
				634FB8F14343405F99881FA7 /* /Users/apple/Desktop/AudioSoftwareEngineering/2022-MUSI6106/3rdparty/sndlib/io.c */,
				C3C33C90661C4C89AAB5B6B0 /* /Users/apple/Desktop/AudioSoftwareEngineering/2022-MUSI6106/3rdparty/sndlib/s7.c */,
				0019AE055D3C45F0A95FC12C /* /Users/apple/Desktop/AudioSoftwareEngineering/2022-MUSI6106/3rdparty/sndlib/sndlib2xen.c */,
				31D58F0D008C4B1EB88E294F /* /Users/apple/Desktop/AudioSoftwareEngineering/2022-MUSI6106/3rdparty/sndlib/sound.c */,
				22EF1D90F6524A9BBB9D88AB /* /Users/apple/Desktop/AudioSoftwareEngineering/2022-MUSI6106/3rdparty/sndlib/vct.c */,
				6BF334C5DD5C4623AE15F135 /* /Users/apple/Desktop/AudioSoftwareEngineering/2022-MUSI6106/3rdparty/sndlib/xen.c */,
			);
			runOnlyForDeploymentPostprocessing = 0;
		};
		E1A028126F244DB3BF2D764D /* Sources */ = {
			isa = PBXSourcesBuildPhase;
			buildActionMask = 2147483647;
			files = (
				870B730E7D3840919B61BA1D /* /Users/apple/Desktop/AudioSoftwareEngineering/2022-MUSI6106/src/AudioFileIO/AudioFile.cpp */,
				DE64AC52EF334728B78C6C7B /* /Users/apple/Desktop/AudioSoftwareEngineering/2022-MUSI6106/src/AudioFileIO/AudioFileIf.cpp */,
			);
			runOnlyForDeploymentPostprocessing = 0;
		};
/* End PBXSourcesBuildPhase section */

/* Begin PBXTargetDependency section */
		099B9086A9234A71968204D3 /* PBXTargetDependency */ = {
			isa = PBXTargetDependency;
			target = 36D7B08CD4D343959AA1F1FC /* sndlib */;
			targetProxy = C7A584E8B94747FCAA01AE97 /* PBXContainerItemProxy */;
		};
		21D919AD0D3F4EECAE08AFB6 /* PBXTargetDependency */ = {
			isa = PBXTargetDependency;
			target = 9F396627D3E34566BD5E97C4 /* ZERO_CHECK */;
			targetProxy = 73DC041046794EB985CD80B6 /* PBXContainerItemProxy */;
		};
		23693392DCFC48CFB2F82394 /* PBXTargetDependency */ = {
			isa = PBXTargetDependency;
			target = 5F768F2CD445461DB836A699 /* MUSI6106Exec */;
			targetProxy = D2D89DBC5DBA411E859AB628 /* PBXContainerItemProxy */;
		};
		30C4343996F04FB0B5079E23 /* PBXTargetDependency */ = {
			isa = PBXTargetDependency;
			target = 9F396627D3E34566BD5E97C4 /* ZERO_CHECK */;
			targetProxy = 346F1970F5E24A738304626D /* PBXContainerItemProxy */;
		};
		36EF759AD67443F1AC2BE4EA /* PBXTargetDependency */ = {
			isa = PBXTargetDependency;
			target = 4E4C051669C94FE5A9871415 /* CombFilter */;
			targetProxy = 9AD870B51DAF4DEF940B2DD7 /* PBXContainerItemProxy */;
		};
		6B22CEE0AE6B4A7EA1810357 /* PBXTargetDependency */ = {
			isa = PBXTargetDependency;
			target = 8CEB25A5EE304A86970AD704 /* AudioFileIO */;
			targetProxy = 484256C91D2642CC9505C5C0 /* PBXContainerItemProxy */;
		};
		7211D08CB62F4389A3A7518F /* PBXTargetDependency */ = {
			isa = PBXTargetDependency;
			target = 9F396627D3E34566BD5E97C4 /* ZERO_CHECK */;
			targetProxy = AE82DD7A931841CFBB5C0C66 /* PBXContainerItemProxy */;
		};
		75479CE11D4E4FE585C028DE /* PBXTargetDependency */ = {
			isa = PBXTargetDependency;
			target = 4E4C051669C94FE5A9871415 /* CombFilter */;
			targetProxy = 1F68CF9993D24AE1AF4F7973 /* PBXContainerItemProxy */;
		};
		837916B384584AE686D0FECF /* PBXTargetDependency */ = {
			isa = PBXTargetDependency;
			target = 8CEB25A5EE304A86970AD704 /* AudioFileIO */;
			targetProxy = 37EE7559252A476F86C55B66 /* PBXContainerItemProxy */;
		};
		85506984A7914AFFB0CEEFD9 /* PBXTargetDependency */ = {
			isa = PBXTargetDependency;
			target = 36D7B08CD4D343959AA1F1FC /* sndlib */;
			targetProxy = 012D791BB8884909B02E26AB /* PBXContainerItemProxy */;
		};
		89467E45FE2745F49358F461 /* PBXTargetDependency */ = {
			isa = PBXTargetDependency;
			target = 9F396627D3E34566BD5E97C4 /* ZERO_CHECK */;
			targetProxy = 89F33578504B4050BBDDF4B1 /* PBXContainerItemProxy */;
		};
		97E2917551174862B3DBC7D4 /* PBXTargetDependency */ = {
			isa = PBXTargetDependency;
			target = 36D7B08CD4D343959AA1F1FC /* sndlib */;
			targetProxy = 3720B0714ACD411FAE32C3D9 /* PBXContainerItemProxy */;
		};
		B2C5F7DBC9324E25BBF5FB98 /* PBXTargetDependency */ = {
			isa = PBXTargetDependency;
			target = 9F396627D3E34566BD5E97C4 /* ZERO_CHECK */;
			targetProxy = 77FB0C0303E24F2AB5379C37 /* PBXContainerItemProxy */;
		};
/* End PBXTargetDependency section */

/* Begin XCBuildConfiguration section */
		0169273789A342EA8C7587B0 /* Release */ = {
			isa = XCBuildConfiguration;
			buildSettings = {
				COMBINE_HIDPI_IMAGES = YES;
				CONFIGURATION_BUILD_DIR = "/Users/apple/Desktop/AudioSoftwareEngineering/2022-MUSI6106/lib/Release";
				EXECUTABLE_PREFIX = lib;
				EXECUTABLE_SUFFIX = .a;
				GCC_GENERATE_DEBUGGING_SYMBOLS = NO;
				GCC_INLINES_ARE_PRIVATE_EXTERN = NO;
				GCC_OPTIMIZATION_LEVEL = 3;
				GCC_PREPROCESSOR_DEFINITIONS = ("'CMAKE_INTDIR=\"$(CONFIGURATION)$(EFFECTIVE_PLATFORM_NAME)\"'","$(inherited)");
				GCC_SYMBOLS_PRIVATE_EXTERN = NO;
				HEADER_SEARCH_PATHS = ("/Users/apple/Desktop/AudioSoftwareEngineering/2022-MUSI6106/inc","/Users/apple/Desktop/AudioSoftwareEngineering/2022-MUSI6106/src/inc","$(inherited)");
				INSTALL_PATH = "";
				LIBRARY_STYLE = STATIC;
				OTHER_CPLUSPLUSFLAGS = "    -DNDEBUG ";
				OTHER_LIBTOOLFLAGS = ("");
				OTHER_REZFLAGS = "";
				PRODUCT_NAME = CombFilter;
				SECTORDER_FLAGS = "";
				SYMROOT = "/Users/apple/Desktop/AudioSoftwareEngineering/2022-MUSI6106/CombFilter";
				USE_HEADERMAP = NO;
				WARNING_CFLAGS = ("$(inherited)");
			};
			name = Release;
		};
		10983A4817FB428495569D59 /* MinSizeRel */ = {
			isa = XCBuildConfiguration;
			buildSettings = {
				COMBINE_HIDPI_IMAGES = YES;
				GCC_GENERATE_DEBUGGING_SYMBOLS = YES;
				GCC_INLINES_ARE_PRIVATE_EXTERN = NO;
				GCC_OPTIMIZATION_LEVEL = 0;
				GCC_PREPROCESSOR_DEFINITIONS = ("'CMAKE_INTDIR=\"$(CONFIGURATION)$(EFFECTIVE_PLATFORM_NAME)\"'","$(inherited)");
				GCC_SYMBOLS_PRIVATE_EXTERN = NO;
				INSTALL_PATH = "";
				OTHER_LDFLAGS = ("","$(inherited)");
				OTHER_REZFLAGS = "";
				PRODUCT_NAME = ALL_BUILD;
				SECTORDER_FLAGS = "";
				SYMROOT = "/Users/apple/Desktop/AudioSoftwareEngineering/2022-MUSI6106";
				USE_HEADERMAP = NO;
				WARNING_CFLAGS = ("$(inherited)");
			};
			name = MinSizeRel;
		};
		189D66B00C484418802193CD /* Release */ = {
			isa = XCBuildConfiguration;
			buildSettings = {
				COMBINE_HIDPI_IMAGES = YES;
				CONFIGURATION_BUILD_DIR = "/Users/apple/Desktop/AudioSoftwareEngineering/2022-MUSI6106/bin/Release";
				EXECUTABLE_PREFIX = "";
				EXECUTABLE_SUFFIX = "";
				GCC_GENERATE_DEBUGGING_SYMBOLS = NO;
				GCC_INLINES_ARE_PRIVATE_EXTERN = NO;
				GCC_OPTIMIZATION_LEVEL = 3;
				GCC_PREPROCESSOR_DEFINITIONS = ("'CMAKE_INTDIR=\"$(CONFIGURATION)$(EFFECTIVE_PLATFORM_NAME)\"'","$(inherited)");
				GCC_SYMBOLS_PRIVATE_EXTERN = NO;
				HEADER_SEARCH_PATHS = ("/Users/apple/Desktop/AudioSoftwareEngineering/2022-MUSI6106/inc","/Users/apple/Desktop/AudioSoftwareEngineering/2022-MUSI6106/src/inc","$(inherited)");
				INSTALL_PATH = "";
				OTHER_CPLUSPLUSFLAGS = "    -DNDEBUG ";
				OTHER_LDFLAGS = (" -Wl,-search_paths_first -Wl,-headerpad_max_install_names","/Users/apple/Desktop/AudioSoftwareEngineering/2022-MUSI6106/lib/Release/libAudioFileIO.a","/Users/apple/Desktop/AudioSoftwareEngineering/2022-MUSI6106/lib/Release/libCombFilter.a","/Users/apple/Desktop/AudioSoftwareEngineering/2022-MUSI6106/lib/Release/libsndlib.a","$(inherited)");
				OTHER_REZFLAGS = "";
				PRODUCT_NAME = MUSI6106Exec;
				SECTORDER_FLAGS = "";
				SYMROOT = "/Users/apple/Desktop/AudioSoftwareEngineering/2022-MUSI6106/MUSI6106Exec";
				USE_HEADERMAP = NO;
				WARNING_CFLAGS = ("$(inherited)");
			};
			name = Release;
		};
		199C4C3D916C4F79B42B904E /* MinSizeRel */ = {
			isa = XCBuildConfiguration;
			buildSettings = {
				ARCHS = "$(NATIVE_ARCH_ACTUAL)";
				MACOSX_DEPLOYMENT_TARGET = 10.15;
				ONLY_ACTIVE_ARCH = YES;
				SDKROOT = /Applications/Xcode.app/Contents/Developer/Platforms/MacOSX.platform/Developer/SDKs/MacOSX11.1.sdk;
				SYMROOT = "/Users/apple/Desktop/AudioSoftwareEngineering/2022-MUSI6106/build";
			};
			name = MinSizeRel;
		};
		1AEB563101594039BD096E09 /* Debug */ = {
			isa = XCBuildConfiguration;
			buildSettings = {
				ARCHS = "$(NATIVE_ARCH_ACTUAL)";
				MACOSX_DEPLOYMENT_TARGET = 10.15;
				ONLY_ACTIVE_ARCH = YES;
				SDKROOT = /Applications/Xcode.app/Contents/Developer/Platforms/MacOSX.platform/Developer/SDKs/MacOSX11.1.sdk;
				SYMROOT = "/Users/apple/Desktop/AudioSoftwareEngineering/2022-MUSI6106/build";
			};
			name = Debug;
		};
		1C41EB4DC745474996B39834 /* RelWithDebInfo */ = {
			isa = XCBuildConfiguration;
			buildSettings = {
				COMBINE_HIDPI_IMAGES = YES;
				GCC_GENERATE_DEBUGGING_SYMBOLS = YES;
				GCC_INLINES_ARE_PRIVATE_EXTERN = NO;
				GCC_OPTIMIZATION_LEVEL = 0;
				GCC_PREPROCESSOR_DEFINITIONS = ("'CMAKE_INTDIR=\"$(CONFIGURATION)$(EFFECTIVE_PLATFORM_NAME)\"'","$(inherited)");
				GCC_SYMBOLS_PRIVATE_EXTERN = NO;
				INSTALL_PATH = "";
				OTHER_LDFLAGS = ("","$(inherited)");
				OTHER_REZFLAGS = "";
				PRODUCT_NAME = ZERO_CHECK;
				SECTORDER_FLAGS = "";
				SYMROOT = "/Users/apple/Desktop/AudioSoftwareEngineering/2022-MUSI6106";
				USE_HEADERMAP = NO;
				WARNING_CFLAGS = ("$(inherited)");
			};
			name = RelWithDebInfo;
		};
		2085ECF1656649B5ACEACF3A /* RelWithDebInfo */ = {
			isa = XCBuildConfiguration;
			buildSettings = {
				COMBINE_HIDPI_IMAGES = YES;
				CONFIGURATION_BUILD_DIR = "/Users/apple/Desktop/AudioSoftwareEngineering/2022-MUSI6106/lib/relwithdebinfo";
				EXECUTABLE_PREFIX = lib;
				EXECUTABLE_SUFFIX = .a;
				GCC_GENERATE_DEBUGGING_SYMBOLS = YES;
				GCC_INLINES_ARE_PRIVATE_EXTERN = NO;
				GCC_OPTIMIZATION_LEVEL = 2;
				GCC_PREPROCESSOR_DEFINITIONS = ("'CMAKE_INTDIR=\"$(CONFIGURATION)$(EFFECTIVE_PLATFORM_NAME)\"'","$(inherited)");
				GCC_SYMBOLS_PRIVATE_EXTERN = NO;
				HEADER_SEARCH_PATHS = ("/Users/apple/Desktop/AudioSoftwareEngineering/2022-MUSI6106/inc","/Users/apple/Desktop/AudioSoftwareEngineering/2022-MUSI6106/src/inc","/Users/apple/Desktop/AudioSoftwareEngineering/2022-MUSI6106/3rdparty/sndlib","$(inherited)");
				INSTALL_PATH = "";
				LIBRARY_STYLE = STATIC;
				OTHER_CPLUSPLUSFLAGS = "       -DNDEBUG ";
				OTHER_LIBTOOLFLAGS = ("");
				OTHER_REZFLAGS = "";
				PRODUCT_NAME = AudioFileIO;
				SECTORDER_FLAGS = "";
				SYMROOT = "/Users/apple/Desktop/AudioSoftwareEngineering/2022-MUSI6106/AudioFileIO";
				USE_HEADERMAP = NO;
				WARNING_CFLAGS = ("$(inherited)");
			};
			name = RelWithDebInfo;
		};
		2B94CABB59174C1FA05E5BAA /* Release */ = {
			isa = XCBuildConfiguration;
			buildSettings = {
				ARCHS = "$(NATIVE_ARCH_ACTUAL)";
				MACOSX_DEPLOYMENT_TARGET = 10.15;
				ONLY_ACTIVE_ARCH = YES;
				SDKROOT = /Applications/Xcode.app/Contents/Developer/Platforms/MacOSX.platform/Developer/SDKs/MacOSX11.1.sdk;
				SYMROOT = "/Users/apple/Desktop/AudioSoftwareEngineering/2022-MUSI6106/build";
			};
			name = Release;
		};
		338CAEE9194246CABFC9ADF8 /* Debug */ = {
			isa = XCBuildConfiguration;
			buildSettings = {
				COMBINE_HIDPI_IMAGES = YES;
				CONFIGURATION_BUILD_DIR = "/Users/apple/Desktop/AudioSoftwareEngineering/2022-MUSI6106/lib/Debug";
				EXECUTABLE_PREFIX = lib;
				EXECUTABLE_SUFFIX = .a;
				GCC_GENERATE_DEBUGGING_SYMBOLS = YES;
				GCC_INLINES_ARE_PRIVATE_EXTERN = NO;
				GCC_OPTIMIZATION_LEVEL = 0;
				GCC_PREPROCESSOR_DEFINITIONS = ("'CMAKE_INTDIR=\"$(CONFIGURATION)$(EFFECTIVE_PLATFORM_NAME)\"'","$(inherited)");
				GCC_SYMBOLS_PRIVATE_EXTERN = NO;
				HEADER_SEARCH_PATHS = ("/Users/apple/Desktop/AudioSoftwareEngineering/2022-MUSI6106/inc","/Users/apple/Desktop/AudioSoftwareEngineering/2022-MUSI6106/src/inc","/Users/apple/Desktop/AudioSoftwareEngineering/2022-MUSI6106/3rdparty/sndlib","$(inherited)");
				INSTALL_PATH = "";
				LIBRARY_STYLE = STATIC;
				OTHER_CPLUSPLUSFLAGS = "   ";
				OTHER_LIBTOOLFLAGS = ("");
				OTHER_REZFLAGS = "";
				PRODUCT_NAME = AudioFileIO;
				SECTORDER_FLAGS = "";
				SYMROOT = "/Users/apple/Desktop/AudioSoftwareEngineering/2022-MUSI6106/AudioFileIO";
				USE_HEADERMAP = NO;
				WARNING_CFLAGS = ("$(inherited)");
			};
			name = Debug;
		};
		554E5FBE1D6F4F908AE2C75A /* MinSizeRel */ = {
			isa = XCBuildConfiguration;
			buildSettings = {
				COMBINE_HIDPI_IMAGES = YES;
				GCC_GENERATE_DEBUGGING_SYMBOLS = YES;
				GCC_INLINES_ARE_PRIVATE_EXTERN = NO;
				GCC_OPTIMIZATION_LEVEL = 0;
				GCC_PREPROCESSOR_DEFINITIONS = ("'CMAKE_INTDIR=\"$(CONFIGURATION)$(EFFECTIVE_PLATFORM_NAME)\"'","$(inherited)");
				GCC_SYMBOLS_PRIVATE_EXTERN = NO;
				INSTALL_PATH = "";
				OTHER_LDFLAGS = ("","$(inherited)");
				OTHER_REZFLAGS = "";
				PRODUCT_NAME = ZERO_CHECK;
				SECTORDER_FLAGS = "";
				SYMROOT = "/Users/apple/Desktop/AudioSoftwareEngineering/2022-MUSI6106";
				USE_HEADERMAP = NO;
				WARNING_CFLAGS = ("$(inherited)");
			};
			name = MinSizeRel;
		};
		6105B35F14C24694B974ADA1 /* RelWithDebInfo */ = {
			isa = XCBuildConfiguration;
			buildSettings = {
				COMBINE_HIDPI_IMAGES = YES;
				GCC_GENERATE_DEBUGGING_SYMBOLS = YES;
				GCC_INLINES_ARE_PRIVATE_EXTERN = NO;
				GCC_OPTIMIZATION_LEVEL = 0;
				GCC_PREPROCESSOR_DEFINITIONS = ("'CMAKE_INTDIR=\"$(CONFIGURATION)$(EFFECTIVE_PLATFORM_NAME)\"'","$(inherited)");
				GCC_SYMBOLS_PRIVATE_EXTERN = NO;
				INSTALL_PATH = "";
				OTHER_LDFLAGS = ("","$(inherited)");
				OTHER_REZFLAGS = "";
				PRODUCT_NAME = ALL_BUILD;
				SECTORDER_FLAGS = "";
				SYMROOT = "/Users/apple/Desktop/AudioSoftwareEngineering/2022-MUSI6106";
				USE_HEADERMAP = NO;
				WARNING_CFLAGS = ("$(inherited)");
			};
			name = RelWithDebInfo;
		};
		6DC9BBB960C242399468DBF3 /* MinSizeRel */ = {
			isa = XCBuildConfiguration;
			buildSettings = {
				COMBINE_HIDPI_IMAGES = YES;
				CONFIGURATION_BUILD_DIR = "/Users/apple/Desktop/AudioSoftwareEngineering/2022-MUSI6106/lib/MinSizeRel";
				EXECUTABLE_PREFIX = lib;
				EXECUTABLE_SUFFIX = .a;
				GCC_GENERATE_DEBUGGING_SYMBOLS = NO;
				GCC_INLINES_ARE_PRIVATE_EXTERN = NO;
				GCC_OPTIMIZATION_LEVEL = s;
				GCC_PREPROCESSOR_DEFINITIONS = ("'CMAKE_INTDIR=\"$(CONFIGURATION)$(EFFECTIVE_PLATFORM_NAME)\"'","$(inherited)");
				GCC_SYMBOLS_PRIVATE_EXTERN = NO;
				HEADER_SEARCH_PATHS = ("/Users/apple/Desktop/AudioSoftwareEngineering/2022-MUSI6106/inc","/Users/apple/Desktop/AudioSoftwareEngineering/2022-MUSI6106/src/inc","$(inherited)");
				INSTALL_PATH = "";
				LIBRARY_STYLE = STATIC;
				OTHER_CPLUSPLUSFLAGS = "    -DNDEBUG ";
				OTHER_LIBTOOLFLAGS = ("");
				OTHER_REZFLAGS = "";
				PRODUCT_NAME = CombFilter;
				SECTORDER_FLAGS = "";
				SYMROOT = "/Users/apple/Desktop/AudioSoftwareEngineering/2022-MUSI6106/CombFilter";
				USE_HEADERMAP = NO;
				WARNING_CFLAGS = ("$(inherited)");
			};
			name = MinSizeRel;
		};
		751F44FD07BA4875A9113A63 /* Debug */ = {
			isa = XCBuildConfiguration;
			buildSettings = {
				COMBINE_HIDPI_IMAGES = YES;
				CONFIGURATION_BUILD_DIR = "/Users/apple/Desktop/AudioSoftwareEngineering/2022-MUSI6106/lib/Debug";
				EXECUTABLE_PREFIX = lib;
				EXECUTABLE_SUFFIX = .a;
				GCC_GENERATE_DEBUGGING_SYMBOLS = YES;
				GCC_INLINES_ARE_PRIVATE_EXTERN = NO;
				GCC_OPTIMIZATION_LEVEL = 0;
				GCC_PREPROCESSOR_DEFINITIONS = ("'CMAKE_INTDIR=\"$(CONFIGURATION)$(EFFECTIVE_PLATFORM_NAME)\"'","$(inherited)");
				GCC_SYMBOLS_PRIVATE_EXTERN = NO;
				HEADER_SEARCH_PATHS = ("/Users/apple/Desktop/AudioSoftwareEngineering/2022-MUSI6106/3rdparty/sndlib","$(inherited)");
				INSTALL_PATH = "";
				LIBRARY_STYLE = STATIC;
				OTHER_CFLAGS = ("   -w ","$(inherited)");
				OTHER_LIBTOOLFLAGS = ("");
				OTHER_REZFLAGS = "";
				PRODUCT_NAME = sndlib;
				SECTORDER_FLAGS = "";
				SYMROOT = "/Users/apple/Desktop/AudioSoftwareEngineering/2022-MUSI6106/AudioFileIO/sndlib";
				USE_HEADERMAP = NO;
				WARNING_CFLAGS = ("$(inherited)");
			};
			name = Debug;
		};
		7A2C53E5DF2E4A4D93EC9DE0 /* MinSizeRel */ = {
			isa = XCBuildConfiguration;
			buildSettings = {
				COMBINE_HIDPI_IMAGES = YES;
				CONFIGURATION_BUILD_DIR = "/Users/apple/Desktop/AudioSoftwareEngineering/2022-MUSI6106/lib/MinSizeRel";
				EXECUTABLE_PREFIX = lib;
				EXECUTABLE_SUFFIX = .a;
				GCC_GENERATE_DEBUGGING_SYMBOLS = NO;
				GCC_INLINES_ARE_PRIVATE_EXTERN = NO;
				GCC_OPTIMIZATION_LEVEL = s;
				GCC_PREPROCESSOR_DEFINITIONS = ("'CMAKE_INTDIR=\"$(CONFIGURATION)$(EFFECTIVE_PLATFORM_NAME)\"'","$(inherited)");
				GCC_SYMBOLS_PRIVATE_EXTERN = NO;
				HEADER_SEARCH_PATHS = ("/Users/apple/Desktop/AudioSoftwareEngineering/2022-MUSI6106/inc","/Users/apple/Desktop/AudioSoftwareEngineering/2022-MUSI6106/src/inc","/Users/apple/Desktop/AudioSoftwareEngineering/2022-MUSI6106/3rdparty/sndlib","$(inherited)");
				INSTALL_PATH = "";
				LIBRARY_STYLE = STATIC;
				OTHER_CPLUSPLUSFLAGS = "    -DNDEBUG ";
				OTHER_LIBTOOLFLAGS = ("");
				OTHER_REZFLAGS = "";
				PRODUCT_NAME = AudioFileIO;
				SECTORDER_FLAGS = "";
				SYMROOT = "/Users/apple/Desktop/AudioSoftwareEngineering/2022-MUSI6106/AudioFileIO";
				USE_HEADERMAP = NO;
				WARNING_CFLAGS = ("$(inherited)");
			};
			name = MinSizeRel;
		};
		7C27F22B1C674783B01FC07C /* Release */ = {
			isa = XCBuildConfiguration;
			buildSettings = {
				COMBINE_HIDPI_IMAGES = YES;
				GCC_GENERATE_DEBUGGING_SYMBOLS = YES;
				GCC_INLINES_ARE_PRIVATE_EXTERN = NO;
				GCC_OPTIMIZATION_LEVEL = 0;
				GCC_PREPROCESSOR_DEFINITIONS = ("'CMAKE_INTDIR=\"$(CONFIGURATION)$(EFFECTIVE_PLATFORM_NAME)\"'","$(inherited)");
				GCC_SYMBOLS_PRIVATE_EXTERN = NO;
				INSTALL_PATH = "";
				OTHER_LDFLAGS = ("","$(inherited)");
				OTHER_REZFLAGS = "";
				PRODUCT_NAME = ZERO_CHECK;
				SECTORDER_FLAGS = "";
				SYMROOT = "/Users/apple/Desktop/AudioSoftwareEngineering/2022-MUSI6106";
				USE_HEADERMAP = NO;
				WARNING_CFLAGS = ("$(inherited)");
			};
			name = Release;
		};
		85DDC0CD8FBD46818947CC63 /* Release */ = {
			isa = XCBuildConfiguration;
			buildSettings = {
				COMBINE_HIDPI_IMAGES = YES;
				GCC_GENERATE_DEBUGGING_SYMBOLS = YES;
				GCC_INLINES_ARE_PRIVATE_EXTERN = NO;
				GCC_OPTIMIZATION_LEVEL = 0;
				GCC_PREPROCESSOR_DEFINITIONS = ("'CMAKE_INTDIR=\"$(CONFIGURATION)$(EFFECTIVE_PLATFORM_NAME)\"'","$(inherited)");
				GCC_SYMBOLS_PRIVATE_EXTERN = NO;
				INSTALL_PATH = "";
				OTHER_LDFLAGS = ("","$(inherited)");
				OTHER_REZFLAGS = "";
				PRODUCT_NAME = ALL_BUILD;
				SECTORDER_FLAGS = "";
				SYMROOT = "/Users/apple/Desktop/AudioSoftwareEngineering/2022-MUSI6106";
				USE_HEADERMAP = NO;
				WARNING_CFLAGS = ("$(inherited)");
			};
			name = Release;
		};
		86BA01967D694FCC8E2D4113 /* Debug */ = {
			isa = XCBuildConfiguration;
			buildSettings = {
				COMBINE_HIDPI_IMAGES = YES;
				CONFIGURATION_BUILD_DIR = "/Users/apple/Desktop/AudioSoftwareEngineering/2022-MUSI6106/bin/Debug";
				EXECUTABLE_PREFIX = "";
				EXECUTABLE_SUFFIX = "";
				GCC_GENERATE_DEBUGGING_SYMBOLS = YES;
				GCC_INLINES_ARE_PRIVATE_EXTERN = NO;
				GCC_OPTIMIZATION_LEVEL = 0;
				GCC_PREPROCESSOR_DEFINITIONS = ("'CMAKE_INTDIR=\"$(CONFIGURATION)$(EFFECTIVE_PLATFORM_NAME)\"'","$(inherited)");
				GCC_SYMBOLS_PRIVATE_EXTERN = NO;
				HEADER_SEARCH_PATHS = ("/Users/apple/Desktop/AudioSoftwareEngineering/2022-MUSI6106/inc","/Users/apple/Desktop/AudioSoftwareEngineering/2022-MUSI6106/src/inc","$(inherited)");
				INSTALL_PATH = "";
				OTHER_CPLUSPLUSFLAGS = "   ";
				OTHER_LDFLAGS = (" -Wl,-search_paths_first -Wl,-headerpad_max_install_names","/Users/apple/Desktop/AudioSoftwareEngineering/2022-MUSI6106/lib/Debug/libAudioFileIO.a","/Users/apple/Desktop/AudioSoftwareEngineering/2022-MUSI6106/lib/Debug/libCombFilter.a","/Users/apple/Desktop/AudioSoftwareEngineering/2022-MUSI6106/lib/Debug/libsndlib.a","$(inherited)");
				OTHER_REZFLAGS = "";
				PRODUCT_NAME = MUSI6106Exec;
				SECTORDER_FLAGS = "";
				SYMROOT = "/Users/apple/Desktop/AudioSoftwareEngineering/2022-MUSI6106/MUSI6106Exec";
				USE_HEADERMAP = NO;
				WARNING_CFLAGS = ("$(inherited)");
			};
			name = Debug;
		};
		8CDBEC369F39411FA79D9630 /* RelWithDebInfo */ = {
			isa = XCBuildConfiguration;
			buildSettings = {
				COMBINE_HIDPI_IMAGES = YES;
				CONFIGURATION_BUILD_DIR = "/Users/apple/Desktop/AudioSoftwareEngineering/2022-MUSI6106/lib/relwithdebinfo";
				EXECUTABLE_PREFIX = lib;
				EXECUTABLE_SUFFIX = .a;
				GCC_GENERATE_DEBUGGING_SYMBOLS = YES;
				GCC_INLINES_ARE_PRIVATE_EXTERN = NO;
				GCC_OPTIMIZATION_LEVEL = 2;
				GCC_PREPROCESSOR_DEFINITIONS = ("'CMAKE_INTDIR=\"$(CONFIGURATION)$(EFFECTIVE_PLATFORM_NAME)\"'","$(inherited)");
				GCC_SYMBOLS_PRIVATE_EXTERN = NO;
				HEADER_SEARCH_PATHS = ("/Users/apple/Desktop/AudioSoftwareEngineering/2022-MUSI6106/inc","/Users/apple/Desktop/AudioSoftwareEngineering/2022-MUSI6106/src/inc","$(inherited)");
				INSTALL_PATH = "";
				LIBRARY_STYLE = STATIC;
				OTHER_CPLUSPLUSFLAGS = "       -DNDEBUG ";
				OTHER_LIBTOOLFLAGS = ("");
				OTHER_REZFLAGS = "";
				PRODUCT_NAME = CombFilter;
				SECTORDER_FLAGS = "";
				SYMROOT = "/Users/apple/Desktop/AudioSoftwareEngineering/2022-MUSI6106/CombFilter";
				USE_HEADERMAP = NO;
				WARNING_CFLAGS = ("$(inherited)");
			};
			name = RelWithDebInfo;
		};
		8CDEF94ACCA449A59D4732F1 /* Debug */ = {
			isa = XCBuildConfiguration;
			buildSettings = {
				COMBINE_HIDPI_IMAGES = YES;
				CONFIGURATION_BUILD_DIR = "/Users/apple/Desktop/AudioSoftwareEngineering/2022-MUSI6106/lib/Debug";
				EXECUTABLE_PREFIX = lib;
				EXECUTABLE_SUFFIX = .a;
				GCC_GENERATE_DEBUGGING_SYMBOLS = YES;
				GCC_INLINES_ARE_PRIVATE_EXTERN = NO;
				GCC_OPTIMIZATION_LEVEL = 0;
				GCC_PREPROCESSOR_DEFINITIONS = ("'CMAKE_INTDIR=\"$(CONFIGURATION)$(EFFECTIVE_PLATFORM_NAME)\"'","$(inherited)");
				GCC_SYMBOLS_PRIVATE_EXTERN = NO;
				HEADER_SEARCH_PATHS = ("/Users/apple/Desktop/AudioSoftwareEngineering/2022-MUSI6106/inc","/Users/apple/Desktop/AudioSoftwareEngineering/2022-MUSI6106/src/inc","$(inherited)");
				INSTALL_PATH = "";
				LIBRARY_STYLE = STATIC;
				OTHER_CPLUSPLUSFLAGS = "   ";
				OTHER_LIBTOOLFLAGS = ("");
				OTHER_REZFLAGS = "";
				PRODUCT_NAME = CombFilter;
				SECTORDER_FLAGS = "";
				SYMROOT = "/Users/apple/Desktop/AudioSoftwareEngineering/2022-MUSI6106/CombFilter";
				USE_HEADERMAP = NO;
				WARNING_CFLAGS = ("$(inherited)");
			};
			name = Debug;
		};
		947025C8217949ECBDA8A479 /* RelWithDebInfo */ = {
			isa = XCBuildConfiguration;
			buildSettings = {
				COMBINE_HIDPI_IMAGES = YES;
				CONFIGURATION_BUILD_DIR = "/Users/apple/Desktop/AudioSoftwareEngineering/2022-MUSI6106/bin/relwithdebinfo";
				EXECUTABLE_PREFIX = "";
				EXECUTABLE_SUFFIX = "";
				GCC_GENERATE_DEBUGGING_SYMBOLS = YES;
				GCC_INLINES_ARE_PRIVATE_EXTERN = NO;
				GCC_OPTIMIZATION_LEVEL = 2;
				GCC_PREPROCESSOR_DEFINITIONS = ("'CMAKE_INTDIR=\"$(CONFIGURATION)$(EFFECTIVE_PLATFORM_NAME)\"'","$(inherited)");
				GCC_SYMBOLS_PRIVATE_EXTERN = NO;
				HEADER_SEARCH_PATHS = ("/Users/apple/Desktop/AudioSoftwareEngineering/2022-MUSI6106/inc","/Users/apple/Desktop/AudioSoftwareEngineering/2022-MUSI6106/src/inc","$(inherited)");
				INSTALL_PATH = "";
				OTHER_CPLUSPLUSFLAGS = "       -DNDEBUG ";
				OTHER_LDFLAGS = (" -Wl,-search_paths_first -Wl,-headerpad_max_install_names","/Users/apple/Desktop/AudioSoftwareEngineering/2022-MUSI6106/lib/relwithdebinfo/libAudioFileIO.a","/Users/apple/Desktop/AudioSoftwareEngineering/2022-MUSI6106/lib/relwithdebinfo/libCombFilter.a","/Users/apple/Desktop/AudioSoftwareEngineering/2022-MUSI6106/lib/relwithdebinfo/libsndlib.a","$(inherited)");
				OTHER_REZFLAGS = "";
				PRODUCT_NAME = MUSI6106Exec;
				SECTORDER_FLAGS = "";
				SYMROOT = "/Users/apple/Desktop/AudioSoftwareEngineering/2022-MUSI6106/MUSI6106Exec";
				USE_HEADERMAP = NO;
				WARNING_CFLAGS = ("$(inherited)");
			};
			name = RelWithDebInfo;
		};
		B74D105DC35940B094323746 /* MinSizeRel */ = {
			isa = XCBuildConfiguration;
			buildSettings = {
				COMBINE_HIDPI_IMAGES = YES;
				CONFIGURATION_BUILD_DIR = "/Users/apple/Desktop/AudioSoftwareEngineering/2022-MUSI6106/bin/MinSizeRel";
				EXECUTABLE_PREFIX = "";
				EXECUTABLE_SUFFIX = "";
				GCC_GENERATE_DEBUGGING_SYMBOLS = NO;
				GCC_INLINES_ARE_PRIVATE_EXTERN = NO;
				GCC_OPTIMIZATION_LEVEL = s;
				GCC_PREPROCESSOR_DEFINITIONS = ("'CMAKE_INTDIR=\"$(CONFIGURATION)$(EFFECTIVE_PLATFORM_NAME)\"'","$(inherited)");
				GCC_SYMBOLS_PRIVATE_EXTERN = NO;
				HEADER_SEARCH_PATHS = ("/Users/apple/Desktop/AudioSoftwareEngineering/2022-MUSI6106/inc","/Users/apple/Desktop/AudioSoftwareEngineering/2022-MUSI6106/src/inc","$(inherited)");
				INSTALL_PATH = "";
				OTHER_CPLUSPLUSFLAGS = "    -DNDEBUG ";
				OTHER_LDFLAGS = (" -Wl,-search_paths_first -Wl,-headerpad_max_install_names","/Users/apple/Desktop/AudioSoftwareEngineering/2022-MUSI6106/lib/MinSizeRel/libAudioFileIO.a","/Users/apple/Desktop/AudioSoftwareEngineering/2022-MUSI6106/lib/MinSizeRel/libCombFilter.a","/Users/apple/Desktop/AudioSoftwareEngineering/2022-MUSI6106/lib/MinSizeRel/libsndlib.a","$(inherited)");
				OTHER_REZFLAGS = "";
				PRODUCT_NAME = MUSI6106Exec;
				SECTORDER_FLAGS = "";
				SYMROOT = "/Users/apple/Desktop/AudioSoftwareEngineering/2022-MUSI6106/MUSI6106Exec";
				USE_HEADERMAP = NO;
				WARNING_CFLAGS = ("$(inherited)");
			};
			name = MinSizeRel;
		};
		B87320085E054B2197FB3CD7 /* Debug */ = {
			isa = XCBuildConfiguration;
			buildSettings = {
				COMBINE_HIDPI_IMAGES = YES;
				GCC_GENERATE_DEBUGGING_SYMBOLS = YES;
				GCC_INLINES_ARE_PRIVATE_EXTERN = NO;
				GCC_OPTIMIZATION_LEVEL = 0;
				GCC_PREPROCESSOR_DEFINITIONS = ("'CMAKE_INTDIR=\"$(CONFIGURATION)$(EFFECTIVE_PLATFORM_NAME)\"'","$(inherited)");
				GCC_SYMBOLS_PRIVATE_EXTERN = NO;
				INSTALL_PATH = "";
				OTHER_LDFLAGS = ("","$(inherited)");
				OTHER_REZFLAGS = "";
				PRODUCT_NAME = ZERO_CHECK;
				SECTORDER_FLAGS = "";
				SYMROOT = "/Users/apple/Desktop/AudioSoftwareEngineering/2022-MUSI6106";
				USE_HEADERMAP = NO;
				WARNING_CFLAGS = ("$(inherited)");
			};
			name = Debug;
		};
		BF7BADC4ADA446F0A6D1F246 /* Debug */ = {
			isa = XCBuildConfiguration;
			buildSettings = {
				COMBINE_HIDPI_IMAGES = YES;
				GCC_GENERATE_DEBUGGING_SYMBOLS = YES;
				GCC_INLINES_ARE_PRIVATE_EXTERN = NO;
				GCC_OPTIMIZATION_LEVEL = 0;
				GCC_PREPROCESSOR_DEFINITIONS = ("'CMAKE_INTDIR=\"$(CONFIGURATION)$(EFFECTIVE_PLATFORM_NAME)\"'","$(inherited)");
				GCC_SYMBOLS_PRIVATE_EXTERN = NO;
				INSTALL_PATH = "";
				OTHER_LDFLAGS = ("","$(inherited)");
				OTHER_REZFLAGS = "";
				PRODUCT_NAME = ALL_BUILD;
				SECTORDER_FLAGS = "";
				SYMROOT = "/Users/apple/Desktop/AudioSoftwareEngineering/2022-MUSI6106";
				USE_HEADERMAP = NO;
				WARNING_CFLAGS = ("$(inherited)");
			};
			name = Debug;
		};
		C15DCDE0F8D6407B9ADAEF70 /* RelWithDebInfo */ = {
			isa = XCBuildConfiguration;
			buildSettings = {
				ARCHS = "$(NATIVE_ARCH_ACTUAL)";
				MACOSX_DEPLOYMENT_TARGET = 10.15;
				ONLY_ACTIVE_ARCH = YES;
				SDKROOT = /Applications/Xcode.app/Contents/Developer/Platforms/MacOSX.platform/Developer/SDKs/MacOSX11.1.sdk;
				SYMROOT = "/Users/apple/Desktop/AudioSoftwareEngineering/2022-MUSI6106/build";
			};
			name = RelWithDebInfo;
		};
		CAC8C288496D423691C137F3 /* Release */ = {
			isa = XCBuildConfiguration;
			buildSettings = {
				COMBINE_HIDPI_IMAGES = YES;
				CONFIGURATION_BUILD_DIR = "/Users/apple/Desktop/AudioSoftwareEngineering/2022-MUSI6106/lib/Release";
				EXECUTABLE_PREFIX = lib;
				EXECUTABLE_SUFFIX = .a;
				GCC_GENERATE_DEBUGGING_SYMBOLS = NO;
				GCC_INLINES_ARE_PRIVATE_EXTERN = NO;
				GCC_OPTIMIZATION_LEVEL = 3;
				GCC_PREPROCESSOR_DEFINITIONS = ("'CMAKE_INTDIR=\"$(CONFIGURATION)$(EFFECTIVE_PLATFORM_NAME)\"'","$(inherited)");
				GCC_SYMBOLS_PRIVATE_EXTERN = NO;
				HEADER_SEARCH_PATHS = ("/Users/apple/Desktop/AudioSoftwareEngineering/2022-MUSI6106/inc","/Users/apple/Desktop/AudioSoftwareEngineering/2022-MUSI6106/src/inc","/Users/apple/Desktop/AudioSoftwareEngineering/2022-MUSI6106/3rdparty/sndlib","$(inherited)");
				INSTALL_PATH = "";
				LIBRARY_STYLE = STATIC;
				OTHER_CPLUSPLUSFLAGS = "    -DNDEBUG ";
				OTHER_LIBTOOLFLAGS = ("");
				OTHER_REZFLAGS = "";
				PRODUCT_NAME = AudioFileIO;
				SECTORDER_FLAGS = "";
				SYMROOT = "/Users/apple/Desktop/AudioSoftwareEngineering/2022-MUSI6106/AudioFileIO";
				USE_HEADERMAP = NO;
				WARNING_CFLAGS = ("$(inherited)");
			};
			name = Release;
		};
		D446F72B02F5401BBF211B01 /* MinSizeRel */ = {
			isa = XCBuildConfiguration;
			buildSettings = {
				COMBINE_HIDPI_IMAGES = YES;
				CONFIGURATION_BUILD_DIR = "/Users/apple/Desktop/AudioSoftwareEngineering/2022-MUSI6106/lib/MinSizeRel";
				EXECUTABLE_PREFIX = lib;
				EXECUTABLE_SUFFIX = .a;
				GCC_GENERATE_DEBUGGING_SYMBOLS = NO;
				GCC_INLINES_ARE_PRIVATE_EXTERN = NO;
				GCC_OPTIMIZATION_LEVEL = s;
				GCC_PREPROCESSOR_DEFINITIONS = ("'CMAKE_INTDIR=\"$(CONFIGURATION)$(EFFECTIVE_PLATFORM_NAME)\"'","$(inherited)");
				GCC_SYMBOLS_PRIVATE_EXTERN = NO;
				HEADER_SEARCH_PATHS = ("/Users/apple/Desktop/AudioSoftwareEngineering/2022-MUSI6106/3rdparty/sndlib","$(inherited)");
				INSTALL_PATH = "";
				LIBRARY_STYLE = STATIC;
				OTHER_CFLAGS = ("    -DNDEBUG -w ","$(inherited)");
				OTHER_LIBTOOLFLAGS = ("");
				OTHER_REZFLAGS = "";
				PRODUCT_NAME = sndlib;
				SECTORDER_FLAGS = "";
				SYMROOT = "/Users/apple/Desktop/AudioSoftwareEngineering/2022-MUSI6106/AudioFileIO/sndlib";
				USE_HEADERMAP = NO;
				WARNING_CFLAGS = ("$(inherited)");
			};
			name = MinSizeRel;
		};
		DA90AA25CB904FA9B4F72084 /* RelWithDebInfo */ = {
			isa = XCBuildConfiguration;
			buildSettings = {
				COMBINE_HIDPI_IMAGES = YES;
				CONFIGURATION_BUILD_DIR = "/Users/apple/Desktop/AudioSoftwareEngineering/2022-MUSI6106/lib/relwithdebinfo";
				EXECUTABLE_PREFIX = lib;
				EXECUTABLE_SUFFIX = .a;
				GCC_GENERATE_DEBUGGING_SYMBOLS = YES;
				GCC_INLINES_ARE_PRIVATE_EXTERN = NO;
				GCC_OPTIMIZATION_LEVEL = 2;
				GCC_PREPROCESSOR_DEFINITIONS = ("'CMAKE_INTDIR=\"$(CONFIGURATION)$(EFFECTIVE_PLATFORM_NAME)\"'","$(inherited)");
				GCC_SYMBOLS_PRIVATE_EXTERN = NO;
				HEADER_SEARCH_PATHS = ("/Users/apple/Desktop/AudioSoftwareEngineering/2022-MUSI6106/3rdparty/sndlib","$(inherited)");
				INSTALL_PATH = "";
				LIBRARY_STYLE = STATIC;
				OTHER_CFLAGS = ("       -DNDEBUG -w ","$(inherited)");
				OTHER_LIBTOOLFLAGS = ("");
				OTHER_REZFLAGS = "";
				PRODUCT_NAME = sndlib;
				SECTORDER_FLAGS = "";
				SYMROOT = "/Users/apple/Desktop/AudioSoftwareEngineering/2022-MUSI6106/AudioFileIO/sndlib";
				USE_HEADERMAP = NO;
				WARNING_CFLAGS = ("$(inherited)");
			};
			name = RelWithDebInfo;
		};
		F1E51AED96D449158CED1E09 /* Release */ = {
			isa = XCBuildConfiguration;
			buildSettings = {
				COMBINE_HIDPI_IMAGES = YES;
				CONFIGURATION_BUILD_DIR = "/Users/apple/Desktop/AudioSoftwareEngineering/2022-MUSI6106/lib/Release";
				EXECUTABLE_PREFIX = lib;
				EXECUTABLE_SUFFIX = .a;
				GCC_GENERATE_DEBUGGING_SYMBOLS = NO;
				GCC_INLINES_ARE_PRIVATE_EXTERN = NO;
				GCC_OPTIMIZATION_LEVEL = 3;
				GCC_PREPROCESSOR_DEFINITIONS = ("'CMAKE_INTDIR=\"$(CONFIGURATION)$(EFFECTIVE_PLATFORM_NAME)\"'","$(inherited)");
				GCC_SYMBOLS_PRIVATE_EXTERN = NO;
				HEADER_SEARCH_PATHS = ("/Users/apple/Desktop/AudioSoftwareEngineering/2022-MUSI6106/3rdparty/sndlib","$(inherited)");
				INSTALL_PATH = "";
				LIBRARY_STYLE = STATIC;
				OTHER_CFLAGS = ("    -DNDEBUG -w ","$(inherited)");
				OTHER_LIBTOOLFLAGS = ("");
				OTHER_REZFLAGS = "";
				PRODUCT_NAME = sndlib;
				SECTORDER_FLAGS = "";
				SYMROOT = "/Users/apple/Desktop/AudioSoftwareEngineering/2022-MUSI6106/AudioFileIO/sndlib";
				USE_HEADERMAP = NO;
				WARNING_CFLAGS = ("$(inherited)");
			};
			name = Release;
		};
/* End XCBuildConfiguration section */

/* Begin XCConfigurationList section */
		5732F9200B8549DD83C36397 /* Build configuration list for PBXAggregateTarget "ZERO_CHECK" */ = {
			isa = XCConfigurationList;
			buildConfigurations = (
				B87320085E054B2197FB3CD7 /* Debug */,
				7C27F22B1C674783B01FC07C /* Release */,
				554E5FBE1D6F4F908AE2C75A /* MinSizeRel */,
				1C41EB4DC745474996B39834 /* RelWithDebInfo */,
			);
			defaultConfigurationIsVisible = 0;
			defaultConfigurationName = Debug;
		};
		5EBC6CC2C7B74174B81E1184 /* Build configuration list for PBXNativeTarget "MUSI6106Exec" */ = {
			isa = XCConfigurationList;
			buildConfigurations = (
				86BA01967D694FCC8E2D4113 /* Debug */,
				189D66B00C484418802193CD /* Release */,
				B74D105DC35940B094323746 /* MinSizeRel */,
				947025C8217949ECBDA8A479 /* RelWithDebInfo */,
			);
			defaultConfigurationIsVisible = 0;
			defaultConfigurationName = Debug;
		};
		C5C2B3F4980A402CA569823A /* Build configuration list for PBXNativeTarget "sndlib" */ = {
			isa = XCConfigurationList;
			buildConfigurations = (
				751F44FD07BA4875A9113A63 /* Debug */,
				F1E51AED96D449158CED1E09 /* Release */,
				D446F72B02F5401BBF211B01 /* MinSizeRel */,
				DA90AA25CB904FA9B4F72084 /* RelWithDebInfo */,
			);
			defaultConfigurationIsVisible = 0;
			defaultConfigurationName = Debug;
		};
		DB16B6A2B4F44F5E80F53C2F /* Build configuration list for PBXNativeTarget "CombFilter" */ = {
			isa = XCConfigurationList;
			buildConfigurations = (
				8CDEF94ACCA449A59D4732F1 /* Debug */,
				0169273789A342EA8C7587B0 /* Release */,
				6DC9BBB960C242399468DBF3 /* MinSizeRel */,
				8CDBEC369F39411FA79D9630 /* RelWithDebInfo */,
			);
			defaultConfigurationIsVisible = 0;
			defaultConfigurationName = Debug;
		};
		DCB8A9DF14974443BCFD0365 /* Build configuration list for PBXNativeTarget "AudioFileIO" */ = {
			isa = XCConfigurationList;
			buildConfigurations = (
				338CAEE9194246CABFC9ADF8 /* Debug */,
				CAC8C288496D423691C137F3 /* Release */,
				7A2C53E5DF2E4A4D93EC9DE0 /* MinSizeRel */,
				2085ECF1656649B5ACEACF3A /* RelWithDebInfo */,
			);
			defaultConfigurationIsVisible = 0;
			defaultConfigurationName = Debug;
		};
		DFACCDF785714ACC8914BA4B /* Build configuration list for PBXProject "MUSI6106" */ = {
			isa = XCConfigurationList;
			buildConfigurations = (
				1AEB563101594039BD096E09 /* Debug */,
				2B94CABB59174C1FA05E5BAA /* Release */,
				199C4C3D916C4F79B42B904E /* MinSizeRel */,
				C15DCDE0F8D6407B9ADAEF70 /* RelWithDebInfo */,
			);
			defaultConfigurationIsVisible = 0;
			defaultConfigurationName = Debug;
		};
		F0813BFF8FA04E758C111370 /* Build configuration list for PBXAggregateTarget "ALL_BUILD" */ = {
			isa = XCConfigurationList;
			buildConfigurations = (
				BF7BADC4ADA446F0A6D1F246 /* Debug */,
				85DDC0CD8FBD46818947CC63 /* Release */,
				10983A4817FB428495569D59 /* MinSizeRel */,
				6105B35F14C24694B974ADA1 /* RelWithDebInfo */,
			);
			defaultConfigurationIsVisible = 0;
			defaultConfigurationName = Debug;
		};
/* End XCConfigurationList section */
	};
	rootObject = 2CC2C28A2C474CB1A6890E75 /* Project object */;
}
